// !$*UTF8*$!
{
	archiveVersion = 1;
	classes = {
	};
	objectVersion = 50;
	objects = {

/* Begin PBXBuildFile section */
		D46A4A7421A0CE220096F02F /* main.cpp in Sources */ = {isa = PBXBuildFile; fileRef = D46A4A7321A0CE220096F02F /* main.cpp */; };
		D46A4A7521A0CE860096F02F /* OpenGL.framework in Frameworks */ = {isa = PBXBuildFile; fileRef = D46A4A3621A0C5960096F02F /* OpenGL.framework */; };
		D46A4A7621A0CE940096F02F /* Cocoa.framework in Frameworks */ = {isa = PBXBuildFile; fileRef = D46A4A3A21A0C5CA0096F02F /* Cocoa.framework */; };
		D46A4A7721A0CE9D0096F02F /* SDL2.framework in Frameworks */ = {isa = PBXBuildFile; fileRef = D46A4A3821A0C5B40096F02F /* SDL2.framework */; };
		D46A4A7F21A0CFC50096F02F /* libGLEW.2.1.0.dylib in Frameworks */ = {isa = PBXBuildFile; fileRef = D46A4A7821A0CEEC0096F02F /* libGLEW.2.1.0.dylib */; };
		D46A4A8121A0D0B50096F02F /* Exceptions.cpp in Sources */ = {isa = PBXBuildFile; fileRef = D46A4A6521A0CE110096F02F /* Exceptions.cpp */; };
		D46A4A8221A0D0B50096F02F /* Window.cpp in Sources */ = {isa = PBXBuildFile; fileRef = D46A4A6621A0CE110096F02F /* Window.cpp */; };
		D46A4A8321A0D0B50096F02F /* Mesh.cpp in Sources */ = {isa = PBXBuildFile; fileRef = D46A4A6721A0CE110096F02F /* Mesh.cpp */; };
		D46A4A8421A0D0B50096F02F /* Shader.cpp in Sources */ = {isa = PBXBuildFile; fileRef = D46A4A6821A0CE110096F02F /* Shader.cpp */; };
		D46A4A8521A0D0B50096F02F /* GraphicsEngine.cpp in Sources */ = {isa = PBXBuildFile; fileRef = D46A4A6921A0CE110096F02F /* GraphicsEngine.cpp */; };
		D46A4A8621A0D0B50096F02F /* CommonStructs.cpp in Sources */ = {isa = PBXBuildFile; fileRef = D46A4A6A21A0CE110096F02F /* CommonStructs.cpp */; };
		D46A4A8721A0D0B50096F02F /* ShaderProgram.cpp in Sources */ = {isa = PBXBuildFile; fileRef = D46A4A6B21A0CE110096F02F /* ShaderProgram.cpp */; };
		D46A4B9021A318F40096F02F /* Scene.cpp in Sources */ = {isa = PBXBuildFile; fileRef = D46A4B8E21A318F40096F02F /* Scene.cpp */; };
		D4F56EC121AEAA6300767ECA /* Texture.cpp in Sources */ = {isa = PBXBuildFile; fileRef = D4F56EBF21AEAA6300767ECA /* Texture.cpp */; };
		D4F56EC421AEAC8300767ECA /* ImageData.cpp in Sources */ = {isa = PBXBuildFile; fileRef = D4F56EC221AEAC8300767ECA /* ImageData.cpp */; };
		D4F56EC621AEB29400767ECA /* SDL2_image.framework in Frameworks */ = {isa = PBXBuildFile; fileRef = D4F56EC521AEB29400767ECA /* SDL2_image.framework */; };
		D4F56EC921AEC28500767ECA /* Object.cpp in Sources */ = {isa = PBXBuildFile; fileRef = D4F56EC721AEC28500767ECA /* Object.cpp */; };
		D4F56ECE21AED12100767ECA /* Camera.cpp in Sources */ = {isa = PBXBuildFile; fileRef = D4F56ECC21AED12100767ECA /* Camera.cpp */; };
		D4F56ED121AEDFB700767ECA /* Material.cpp in Sources */ = {isa = PBXBuildFile; fileRef = D4F56ECF21AEDFB700767ECA /* Material.cpp */; };
/* End PBXBuildFile section */

/* Begin PBXContainerItemProxy section */
		D46A4A8821A2D7A30096F02F /* PBXContainerItemProxy */ = {
			isa = PBXContainerItemProxy;
			containerPortal = D46A487D21A0C3F10096F02F /* Project object */;
			proxyType = 1;
			remoteGlobalIDString = D46A495E21A0C4270096F02F;
			remoteInfo = make;
		};
/* End PBXContainerItemProxy section */

/* Begin PBXCopyFilesBuildPhase section */
		D46A4A4021A0CBEC0096F02F /* CopyFiles */ = {
			isa = PBXCopyFilesBuildPhase;
			buildActionMask = 2147483647;
			dstPath = /usr/share/man/man1/;
			dstSubfolderSpec = 0;
			files = (
			);
			runOnlyForDeploymentPostprocessing = 1;
		};
/* End PBXCopyFilesBuildPhase section */

/* Begin PBXFileReference section */
		D46A496521A0C5130096F02F /* Makefile */ = {isa = PBXFileReference; fileEncoding = 4; lastKnownFileType = sourcecode.make; path = Makefile; sourceTree = "<group>"; usesTabs = 1; };
		D46A496D21A0C5130096F02F /* product.dSYM */ = {isa = PBXFileReference; lastKnownFileType = wrapper.dsym; path = product.dSYM; sourceTree = "<group>"; };
		D46A496E21A0C5130096F02F /* product */ = {isa = PBXFileReference; lastKnownFileType = "compiled.mach-o.executable"; path = product; sourceTree = "<group>"; };
		D46A4A3021A0C5130096F02F /* main.o */ = {isa = PBXFileReference; lastKnownFileType = "compiled.mach-o.objfile"; path = main.o; sourceTree = "<group>"; };
		D46A4A3621A0C5960096F02F /* OpenGL.framework */ = {isa = PBXFileReference; lastKnownFileType = wrapper.framework; name = OpenGL.framework; path = System/Library/Frameworks/OpenGL.framework; sourceTree = SDKROOT; };
		D46A4A3821A0C5B40096F02F /* SDL2.framework */ = {isa = PBXFileReference; lastKnownFileType = wrapper.framework; name = SDL2.framework; path = ../../../../../Library/Frameworks/SDL2.framework; sourceTree = "<group>"; };
		D46A4A3A21A0C5CA0096F02F /* Cocoa.framework */ = {isa = PBXFileReference; lastKnownFileType = wrapper.framework; name = Cocoa.framework; path = System/Library/Frameworks/Cocoa.framework; sourceTree = SDKROOT; };
		D46A4A4221A0CBEC0096F02F /* xcode target */ = {isa = PBXFileReference; explicitFileType = "compiled.mach-o.executable"; includeInIndex = 0; path = "xcode target"; sourceTree = BUILT_PRODUCTS_DIR; };
		D46A4A4A21A0CD870096F02F /* GraphicsEngine.hpp */ = {isa = PBXFileReference; fileEncoding = 4; lastKnownFileType = sourcecode.cpp.h; path = GraphicsEngine.hpp; sourceTree = "<group>"; };
		D46A4A4B21A0CD870096F02F /* CommonStructs.hpp */ = {isa = PBXFileReference; fileEncoding = 4; lastKnownFileType = sourcecode.cpp.h; path = CommonStructs.hpp; sourceTree = "<group>"; };
		D46A4A4C21A0CD870096F02F /* ShaderProgram.hpp */ = {isa = PBXFileReference; fileEncoding = 4; lastKnownFileType = sourcecode.cpp.h; path = ShaderProgram.hpp; sourceTree = "<group>"; };
		D46A4A4D21A0CD870096F02F /* Frameworks.hpp */ = {isa = PBXFileReference; fileEncoding = 4; lastKnownFileType = sourcecode.cpp.h; path = Frameworks.hpp; sourceTree = "<group>"; };
		D46A4A4E21A0CD870096F02F /* Window.hpp */ = {isa = PBXFileReference; fileEncoding = 4; lastKnownFileType = sourcecode.cpp.h; path = Window.hpp; sourceTree = "<group>"; };
		D46A4A4F21A0CD870096F02F /* Mesh.hpp */ = {isa = PBXFileReference; fileEncoding = 4; lastKnownFileType = sourcecode.cpp.h; path = Mesh.hpp; sourceTree = "<group>"; };
		D46A4A5021A0CD870096F02F /* Shader.hpp */ = {isa = PBXFileReference; fileEncoding = 4; lastKnownFileType = sourcecode.cpp.h; path = Shader.hpp; sourceTree = "<group>"; };
		D46A4A5121A0CD870096F02F /* Exceptions.hpp */ = {isa = PBXFileReference; fileEncoding = 4; lastKnownFileType = sourcecode.cpp.h; path = Exceptions.hpp; sourceTree = "<group>"; };
		D46A4A6521A0CE110096F02F /* Exceptions.cpp */ = {isa = PBXFileReference; fileEncoding = 4; lastKnownFileType = sourcecode.cpp.cpp; path = Exceptions.cpp; sourceTree = "<group>"; };
		D46A4A6621A0CE110096F02F /* Window.cpp */ = {isa = PBXFileReference; fileEncoding = 4; lastKnownFileType = sourcecode.cpp.cpp; path = Window.cpp; sourceTree = "<group>"; };
		D46A4A6721A0CE110096F02F /* Mesh.cpp */ = {isa = PBXFileReference; fileEncoding = 4; lastKnownFileType = sourcecode.cpp.cpp; path = Mesh.cpp; sourceTree = "<group>"; };
		D46A4A6821A0CE110096F02F /* Shader.cpp */ = {isa = PBXFileReference; fileEncoding = 4; lastKnownFileType = sourcecode.cpp.cpp; path = Shader.cpp; sourceTree = "<group>"; };
		D46A4A6921A0CE110096F02F /* GraphicsEngine.cpp */ = {isa = PBXFileReference; fileEncoding = 4; lastKnownFileType = sourcecode.cpp.cpp; path = GraphicsEngine.cpp; sourceTree = "<group>"; };
		D46A4A6A21A0CE110096F02F /* CommonStructs.cpp */ = {isa = PBXFileReference; fileEncoding = 4; lastKnownFileType = sourcecode.cpp.cpp; name = CommonStructs.cpp; path = src/GraphicsEngine/CommonStructs.cpp; sourceTree = SOURCE_ROOT; };
		D46A4A6B21A0CE110096F02F /* ShaderProgram.cpp */ = {isa = PBXFileReference; fileEncoding = 4; lastKnownFileType = sourcecode.cpp.cpp; name = ShaderProgram.cpp; path = src/GraphicsEngine/ShaderProgram.cpp; sourceTree = SOURCE_ROOT; };
		D46A4A7321A0CE220096F02F /* main.cpp */ = {isa = PBXFileReference; fileEncoding = 4; lastKnownFileType = sourcecode.cpp.cpp; path = main.cpp; sourceTree = "<group>"; };
		D46A4A7821A0CEEC0096F02F /* libGLEW.2.1.0.dylib */ = {isa = PBXFileReference; lastKnownFileType = "compiled.mach-o.dylib"; name = libGLEW.2.1.0.dylib; path = ../../../../../usr/local/Cellar/glew/2.1.0/lib/libGLEW.2.1.0.dylib; sourceTree = "<group>"; };
		D46A4A7C21A0CF120096F02F /* glxew.h */ = {isa = PBXFileReference; lastKnownFileType = sourcecode.c.h; path = glxew.h; sourceTree = "<group>"; };
		D46A4A7D21A0CF120096F02F /* wglew.h */ = {isa = PBXFileReference; lastKnownFileType = sourcecode.c.h; path = wglew.h; sourceTree = "<group>"; };
		D46A4A7E21A0CF120096F02F /* glew.h */ = {isa = PBXFileReference; lastKnownFileType = sourcecode.c.h; path = glew.h; sourceTree = "<group>"; };
		D46A4B8C21A2FDF90096F02F /* triangle.vs.glsl */ = {isa = PBXFileReference; fileEncoding = 4; lastKnownFileType = text; lineEnding = 0; path = triangle.vs.glsl; sourceTree = "<group>"; };
		D46A4B8D21A2FE020096F02F /* triangle.fs.glsl */ = {isa = PBXFileReference; fileEncoding = 4; lastKnownFileType = text; lineEnding = 0; path = triangle.fs.glsl; sourceTree = "<group>"; };
		D46A4B8E21A318F40096F02F /* Scene.cpp */ = {isa = PBXFileReference; lastKnownFileType = sourcecode.cpp.cpp; path = Scene.cpp; sourceTree = "<group>"; };
		D46A4B8F21A318F40096F02F /* Scene.hpp */ = {isa = PBXFileReference; lastKnownFileType = sourcecode.cpp.h; path = Scene.hpp; sourceTree = "<group>"; };
		D4F56EBF21AEAA6300767ECA /* Texture.cpp */ = {isa = PBXFileReference; lastKnownFileType = sourcecode.cpp.cpp; path = Texture.cpp; sourceTree = "<group>"; };
		D4F56EC021AEAA6300767ECA /* Texture.hpp */ = {isa = PBXFileReference; lastKnownFileType = sourcecode.cpp.h; path = Texture.hpp; sourceTree = "<group>"; };
		D4F56EC221AEAC8300767ECA /* ImageData.cpp */ = {isa = PBXFileReference; lastKnownFileType = sourcecode.cpp.cpp; path = ImageData.cpp; sourceTree = "<group>"; };
		D4F56EC321AEAC8300767ECA /* ImageData.hpp */ = {isa = PBXFileReference; lastKnownFileType = sourcecode.cpp.h; path = ImageData.hpp; sourceTree = "<group>"; };
		D4F56EC521AEB29400767ECA /* SDL2_image.framework */ = {isa = PBXFileReference; lastKnownFileType = wrapper.framework; name = SDL2_image.framework; path = ../../../../../../Library/Frameworks/SDL2_image.framework; sourceTree = "<group>"; };
		D4F56EC721AEC28500767ECA /* Object.cpp */ = {isa = PBXFileReference; lastKnownFileType = sourcecode.cpp.cpp; path = Object.cpp; sourceTree = "<group>"; };
		D4F56EC821AEC28500767ECA /* Object.hpp */ = {isa = PBXFileReference; lastKnownFileType = sourcecode.cpp.h; path = Object.hpp; sourceTree = "<group>"; };
		D4F56ECC21AED12100767ECA /* Camera.cpp */ = {isa = PBXFileReference; lastKnownFileType = sourcecode.cpp.cpp; path = Camera.cpp; sourceTree = "<group>"; };
		D4F56ECD21AED12100767ECA /* Camera.hpp */ = {isa = PBXFileReference; lastKnownFileType = sourcecode.cpp.h; path = Camera.hpp; sourceTree = "<group>"; };
		D4F56ECF21AEDFB700767ECA /* Material.cpp */ = {isa = PBXFileReference; lastKnownFileType = sourcecode.cpp.cpp; path = Material.cpp; sourceTree = "<group>"; };
		D4F56ED021AEDFB700767ECA /* Material.hpp */ = {isa = PBXFileReference; lastKnownFileType = sourcecode.cpp.h; path = Material.hpp; sourceTree = "<group>"; };
		D4F56ED221AEE46500767ECA /* test.png */ = {isa = PBXFileReference; lastKnownFileType = image.png; path = test.png; sourceTree = "<group>"; };
/* End PBXFileReference section */

/* Begin PBXFrameworksBuildPhase section */
		D46A4A3F21A0CBEC0096F02F /* Frameworks */ = {
			isa = PBXFrameworksBuildPhase;
			buildActionMask = 2147483647;
			files = (
				D46A4A7F21A0CFC50096F02F /* libGLEW.2.1.0.dylib in Frameworks */,
				D46A4A7721A0CE9D0096F02F /* SDL2.framework in Frameworks */,
				D4F56EC621AEB29400767ECA /* SDL2_image.framework in Frameworks */,
				D46A4A7621A0CE940096F02F /* Cocoa.framework in Frameworks */,
				D46A4A7521A0CE860096F02F /* OpenGL.framework in Frameworks */,
			);
			runOnlyForDeploymentPostprocessing = 0;
		};
/* End PBXFrameworksBuildPhase section */

/* Begin PBXGroup section */
		D46A487C21A0C3F10096F02F = {
			isa = PBXGroup;
			children = (
				D46A496521A0C5130096F02F /* Makefile */,
				D46A496C21A0C5130096F02F /* bin */,
				D46A496F21A0C5130096F02F /* includes */,
				D46A496621A0C5130096F02F /* src */,
				D46A4A2F21A0C5130096F02F /* obj */,
				D46A496B21A0C5130096F02F /* shaders */,
				D46A4A2E21A0C5130096F02F /* textures */,
				D46A488621A0C3F10096F02F /* Products */,
				D46A4A3521A0C5960096F02F /* Frameworks */,
			);
			sourceTree = "<group>";
		};
		D46A488621A0C3F10096F02F /* Products */ = {
			isa = PBXGroup;
			children = (
				D46A4A4221A0CBEC0096F02F /* xcode target */,
			);
			name = Products;
			sourceTree = "<group>";
		};
		D46A496621A0C5130096F02F /* src */ = {
			isa = PBXGroup;
			children = (
				D46A4A7321A0CE220096F02F /* main.cpp */,
				D46A4A6421A0CE110096F02F /* GraphicsEngine */,
			);
			path = src;
			sourceTree = "<group>";
		};
		D46A496B21A0C5130096F02F /* shaders */ = {
			isa = PBXGroup;
			children = (
				D46A4B8C21A2FDF90096F02F /* triangle.vs.glsl */,
				D46A4B8D21A2FE020096F02F /* triangle.fs.glsl */,
			);
			path = shaders;
			sourceTree = "<group>";
		};
		D46A496C21A0C5130096F02F /* bin */ = {
			isa = PBXGroup;
			children = (
				D46A496D21A0C5130096F02F /* product.dSYM */,
				D46A496E21A0C5130096F02F /* product */,
			);
			path = bin;
			sourceTree = "<group>";
		};
		D46A496F21A0C5130096F02F /* includes */ = {
			isa = PBXGroup;
			children = (
				D46A4A4921A0CD870096F02F /* GraphicsEngine */,
			);
			path = includes;
			sourceTree = "<group>";
		};
		D46A4A2E21A0C5130096F02F /* textures */ = {
			isa = PBXGroup;
			children = (
				D4F56ED221AEE46500767ECA /* test.png */,
			);
			path = textures;
			sourceTree = "<group>";
		};
		D46A4A2F21A0C5130096F02F /* obj */ = {
			isa = PBXGroup;
			children = (
				D46A4A3021A0C5130096F02F /* main.o */,
			);
			path = obj;
			sourceTree = "<group>";
		};
		D46A4A3521A0C5960096F02F /* Frameworks */ = {
			isa = PBXGroup;
			children = (
				D4F56EC521AEB29400767ECA /* SDL2_image.framework */,
				D46A4A7A21A0CF120096F02F /* include */,
				D46A4A7821A0CEEC0096F02F /* libGLEW.2.1.0.dylib */,
				D46A4A3A21A0C5CA0096F02F /* Cocoa.framework */,
				D46A4A3821A0C5B40096F02F /* SDL2.framework */,
				D46A4A3621A0C5960096F02F /* OpenGL.framework */,
			);
			name = Frameworks;
			sourceTree = "<group>";
		};
		D46A4A4921A0CD870096F02F /* GraphicsEngine */ = {
			isa = PBXGroup;
			children = (
				D4F56ED321AEE5D200767ECA /* Object */,
				D46A4A4A21A0CD870096F02F /* GraphicsEngine.hpp */,
				D46A4A4B21A0CD870096F02F /* CommonStructs.hpp */,
				D46A4A4D21A0CD870096F02F /* Frameworks.hpp */,
				D46A4A4E21A0CD870096F02F /* Window.hpp */,
				D46A4A5121A0CD870096F02F /* Exceptions.hpp */,
				D46A4B8F21A318F40096F02F /* Scene.hpp */,
				D4F56ECD21AED12100767ECA /* Camera.hpp */,
			);
			path = GraphicsEngine;
			sourceTree = "<group>";
		};
		D46A4A6421A0CE110096F02F /* GraphicsEngine */ = {
			isa = PBXGroup;
			children = (
				D4F56ED621AEE5F900767ECA /* Object */,
				D46A4A6921A0CE110096F02F /* GraphicsEngine.cpp */,
				D46A4A6A21A0CE110096F02F /* CommonStructs.cpp */,
				D46A4A6521A0CE110096F02F /* Exceptions.cpp */,
				D46A4A6621A0CE110096F02F /* Window.cpp */,
				D46A4B8E21A318F40096F02F /* Scene.cpp */,
				D4F56ECC21AED12100767ECA /* Camera.cpp */,
			);
			path = GraphicsEngine;
			sourceTree = "<group>";
		};
		D46A4A7A21A0CF120096F02F /* include */ = {
			isa = PBXGroup;
			children = (
				D46A4A7B21A0CF120096F02F /* GL */,
			);
			name = include;
			path = ../../../../../usr/local/Cellar/glew/2.1.0/include;
			sourceTree = "<group>";
		};
		D46A4A7B21A0CF120096F02F /* GL */ = {
			isa = PBXGroup;
			children = (
				D46A4A7C21A0CF120096F02F /* glxew.h */,
				D46A4A7D21A0CF120096F02F /* wglew.h */,
				D46A4A7E21A0CF120096F02F /* glew.h */,
			);
			path = GL;
			sourceTree = "<group>";
		};
		D4F56ED321AEE5D200767ECA /* Object */ = {
			isa = PBXGroup;
			children = (
				D4F56EC821AEC28500767ECA /* Object.hpp */,
				D46A4A4F21A0CD870096F02F /* Mesh.hpp */,
				D4F56ED421AEE5E200767ECA /* Material */,
			);
			name = Object;
			sourceTree = "<group>";
		};
		D4F56ED421AEE5E200767ECA /* Material */ = {
			isa = PBXGroup;
			children = (
				D4F56ED021AEDFB700767ECA /* Material.hpp */,
				D4F56EE021AEE6B400767ECA /* Shader */,
				D4F56EDF21AEE6AF00767ECA /* Texture */,
			);
			name = Material;
			sourceTree = "<group>";
		};
		D4F56ED621AEE5F900767ECA /* Object */ = {
			isa = PBXGroup;
			children = (
				D4F56EC721AEC28500767ECA /* Object.cpp */,
				D46A4A6721A0CE110096F02F /* Mesh.cpp */,
				D4F56ED721AEE60100767ECA /* Material */,
			);
			name = Object;
			sourceTree = "<group>";
		};
		D4F56ED721AEE60100767ECA /* Material */ = {
			isa = PBXGroup;
			children = (
				D4F56ECF21AEDFB700767ECA /* Material.cpp */,
				D4F56ED921AEE65600767ECA /* Shader */,
				D4F56ED821AEE64E00767ECA /* Texture */,
			);
			name = Material;
			sourceTree = "<group>";
		};
		D4F56ED821AEE64E00767ECA /* Texture */ = {
			isa = PBXGroup;
			children = (
				D4F56EBF21AEAA6300767ECA /* Texture.cpp */,
				D4F56EC221AEAC8300767ECA /* ImageData.cpp */,
			);
			name = Texture;
			sourceTree = "<group>";
		};
		D4F56ED921AEE65600767ECA /* Shader */ = {
			isa = PBXGroup;
			children = (
				D46A4A6B21A0CE110096F02F /* ShaderProgram.cpp */,
				D46A4A6821A0CE110096F02F /* Shader.cpp */,
			);
			name = Shader;
			sourceTree = "<group>";
		};
		D4F56EDF21AEE6AF00767ECA /* Texture */ = {
			isa = PBXGroup;
			children = (
				D4F56EC021AEAA6300767ECA /* Texture.hpp */,
				D4F56EC321AEAC8300767ECA /* ImageData.hpp */,
			);
			name = Texture;
			sourceTree = "<group>";
		};
		D4F56EE021AEE6B400767ECA /* Shader */ = {
			isa = PBXGroup;
			children = (
				D46A4A4C21A0CD870096F02F /* ShaderProgram.hpp */,
				D46A4A5021A0CD870096F02F /* Shader.hpp */,
			);
			name = Shader;
			sourceTree = "<group>";
		};
/* End PBXGroup section */

/* Begin PBXLegacyTarget section */
		D46A495E21A0C4270096F02F /* make */ = {
			isa = PBXLegacyTarget;
			buildArgumentsString = "$(ACTION)";
			buildConfigurationList = D46A495F21A0C4270096F02F /* Build configuration list for PBXLegacyTarget "make" */;
			buildPhases = (
			);
			buildToolPath = /usr/bin/make;
			buildWorkingDirectory = "$(SRCROOT)";
			dependencies = (
			);
			name = make;
			passBuildSettingsInEnvironment = 1;
			productName = make;
		};
/* End PBXLegacyTarget section */

/* Begin PBXNativeTarget section */
		D46A4A4121A0CBEC0096F02F /* xcode target */ = {
			isa = PBXNativeTarget;
			buildConfigurationList = D46A4A4621A0CBEC0096F02F /* Build configuration list for PBXNativeTarget "xcode target" */;
			buildPhases = (
				D46A4A3E21A0CBEC0096F02F /* Sources */,
				D46A4A3F21A0CBEC0096F02F /* Frameworks */,
				D46A4A4021A0CBEC0096F02F /* CopyFiles */,
			);
			buildRules = (
			);
			dependencies = (
				D46A4A8921A2D7A30096F02F /* PBXTargetDependency */,
			);
			name = "xcode target";
			productName = "xcode target";
			productReference = D46A4A4221A0CBEC0096F02F /* xcode target */;
			productType = "com.apple.product-type.tool";
		};
/* End PBXNativeTarget section */

/* Begin PBXProject section */
		D46A487D21A0C3F10096F02F /* Project object */ = {
			isa = PBXProject;
			attributes = {
				LastUpgradeCheck = 1010;
				ORGANIZATIONNAME = "Pierre Gabory";
				TargetAttributes = {
					D46A495E21A0C4270096F02F = {
						CreatedOnToolsVersion = 10.1;
					};
					D46A4A4121A0CBEC0096F02F = {
						CreatedOnToolsVersion = 10.1;
					};
				};
			};
			buildConfigurationList = D46A488021A0C3F10096F02F /* Build configuration list for PBXProject "Projet_S2_CG_CPP" */;
			compatibilityVersion = "Xcode 9.3";
			developmentRegion = en;
			hasScannedForEncodings = 0;
			knownRegions = (
				en,
			);
			mainGroup = D46A487C21A0C3F10096F02F;
			productRefGroup = D46A488621A0C3F10096F02F /* Products */;
			projectDirPath = "";
			projectRoot = "";
			targets = (
				D46A495E21A0C4270096F02F /* make */,
				D46A4A4121A0CBEC0096F02F /* xcode target */,
			);
		};
/* End PBXProject section */

/* Begin PBXSourcesBuildPhase section */
		D46A4A3E21A0CBEC0096F02F /* Sources */ = {
			isa = PBXSourcesBuildPhase;
			buildActionMask = 2147483647;
			files = (
				D4F56ECE21AED12100767ECA /* Camera.cpp in Sources */,
				D46A4A8521A0D0B50096F02F /* GraphicsEngine.cpp in Sources */,
				D46A4A8721A0D0B50096F02F /* ShaderProgram.cpp in Sources */,
				D4F56EC921AEC28500767ECA /* Object.cpp in Sources */,
				D46A4A7421A0CE220096F02F /* main.cpp in Sources */,
				D46A4A8221A0D0B50096F02F /* Window.cpp in Sources */,
				D4F56EC421AEAC8300767ECA /* ImageData.cpp in Sources */,
				D46A4A8621A0D0B50096F02F /* CommonStructs.cpp in Sources */,
				D4F56ED121AEDFB700767ECA /* Material.cpp in Sources */,
				D4F56EC121AEAA6300767ECA /* Texture.cpp in Sources */,
				D46A4A8321A0D0B50096F02F /* Mesh.cpp in Sources */,
				D46A4B9021A318F40096F02F /* Scene.cpp in Sources */,
				D46A4A8121A0D0B50096F02F /* Exceptions.cpp in Sources */,
				D46A4A8421A0D0B50096F02F /* Shader.cpp in Sources */,
			);
			runOnlyForDeploymentPostprocessing = 0;
		};
/* End PBXSourcesBuildPhase section */

/* Begin PBXTargetDependency section */
		D46A4A8921A2D7A30096F02F /* PBXTargetDependency */ = {
			isa = PBXTargetDependency;
			target = D46A495E21A0C4270096F02F /* make */;
			targetProxy = D46A4A8821A2D7A30096F02F /* PBXContainerItemProxy */;
		};
/* End PBXTargetDependency section */

/* Begin XCBuildConfiguration section */
		D46A488A21A0C3F10096F02F /* Debug */ = {
			isa = XCBuildConfiguration;
			buildSettings = {
				ALWAYS_SEARCH_USER_PATHS = NO;
				CLANG_ANALYZER_NONNULL = YES;
				CLANG_ANALYZER_NUMBER_OBJECT_CONVERSION = YES_AGGRESSIVE;
				CLANG_CXX_LANGUAGE_STANDARD = "gnu++14";
				CLANG_CXX_LIBRARY = "libc++";
				CLANG_ENABLE_MODULES = YES;
				CLANG_ENABLE_OBJC_ARC = YES;
				CLANG_ENABLE_OBJC_WEAK = YES;
				CLANG_WARN_BLOCK_CAPTURE_AUTORELEASING = YES;
				CLANG_WARN_BOOL_CONVERSION = YES;
				CLANG_WARN_COMMA = YES;
				CLANG_WARN_CONSTANT_CONVERSION = YES;
				CLANG_WARN_DEPRECATED_OBJC_IMPLEMENTATIONS = YES;
				CLANG_WARN_DIRECT_OBJC_ISA_USAGE = YES_ERROR;
				CLANG_WARN_DOCUMENTATION_COMMENTS = YES;
				CLANG_WARN_EMPTY_BODY = YES;
				CLANG_WARN_ENUM_CONVERSION = YES;
				CLANG_WARN_INFINITE_RECURSION = YES;
				CLANG_WARN_INT_CONVERSION = YES;
				CLANG_WARN_NON_LITERAL_NULL_CONVERSION = YES;
				CLANG_WARN_OBJC_IMPLICIT_RETAIN_SELF = YES;
				CLANG_WARN_OBJC_LITERAL_CONVERSION = YES;
				CLANG_WARN_OBJC_ROOT_CLASS = YES_ERROR;
				CLANG_WARN_RANGE_LOOP_ANALYSIS = YES;
				CLANG_WARN_STRICT_PROTOTYPES = YES;
				CLANG_WARN_SUSPICIOUS_MOVE = YES;
				CLANG_WARN_UNGUARDED_AVAILABILITY = YES_AGGRESSIVE;
				CLANG_WARN_UNREACHABLE_CODE = YES;
				CLANG_WARN__DUPLICATE_METHOD_MATCH = YES;
				CODE_SIGN_IDENTITY = "-";
				COPY_PHASE_STRIP = NO;
				DEBUG_INFORMATION_FORMAT = dwarf;
				DSTROOT = "";
				ENABLE_STRICT_OBJC_MSGSEND = YES;
				ENABLE_TESTABILITY = YES;
				GCC_C_LANGUAGE_STANDARD = gnu11;
				GCC_DYNAMIC_NO_PIC = NO;
				GCC_NO_COMMON_BLOCKS = YES;
				GCC_OPTIMIZATION_LEVEL = 0;
				GCC_PREPROCESSOR_DEFINITIONS = (
					"DEBUG=1",
					"$(inherited)",
				);
				GCC_WARN_64_TO_32_BIT_CONVERSION = YES;
				GCC_WARN_ABOUT_RETURN_TYPE = YES_ERROR;
				GCC_WARN_UNDECLARED_SELECTOR = YES;
				GCC_WARN_UNINITIALIZED_AUTOS = YES_AGGRESSIVE;
				GCC_WARN_UNUSED_FUNCTION = YES;
				GCC_WARN_UNUSED_VARIABLE = YES;
				IPHONEOS_DEPLOYMENT_TARGET = 12.1;
				MACOSX_DEPLOYMENT_TARGET = 10.14;
				MTL_ENABLE_DEBUG_INFO = INCLUDE_SOURCE;
				MTL_FAST_MATH = YES;
				ONLY_ACTIVE_ARCH = YES;
				SDKROOT = macosx;
				SYMROOT = build;
			};
			name = Debug;
		};
		D46A488B21A0C3F10096F02F /* Release */ = {
			isa = XCBuildConfiguration;
			buildSettings = {
				ALWAYS_SEARCH_USER_PATHS = NO;
				CLANG_ANALYZER_NONNULL = YES;
				CLANG_ANALYZER_NUMBER_OBJECT_CONVERSION = YES_AGGRESSIVE;
				CLANG_CXX_LANGUAGE_STANDARD = "gnu++14";
				CLANG_CXX_LIBRARY = "libc++";
				CLANG_ENABLE_MODULES = YES;
				CLANG_ENABLE_OBJC_ARC = YES;
				CLANG_ENABLE_OBJC_WEAK = YES;
				CLANG_WARN_BLOCK_CAPTURE_AUTORELEASING = YES;
				CLANG_WARN_BOOL_CONVERSION = YES;
				CLANG_WARN_COMMA = YES;
				CLANG_WARN_CONSTANT_CONVERSION = YES;
				CLANG_WARN_DEPRECATED_OBJC_IMPLEMENTATIONS = YES;
				CLANG_WARN_DIRECT_OBJC_ISA_USAGE = YES_ERROR;
				CLANG_WARN_DOCUMENTATION_COMMENTS = YES;
				CLANG_WARN_EMPTY_BODY = YES;
				CLANG_WARN_ENUM_CONVERSION = YES;
				CLANG_WARN_INFINITE_RECURSION = YES;
				CLANG_WARN_INT_CONVERSION = YES;
				CLANG_WARN_NON_LITERAL_NULL_CONVERSION = YES;
				CLANG_WARN_OBJC_IMPLICIT_RETAIN_SELF = YES;
				CLANG_WARN_OBJC_LITERAL_CONVERSION = YES;
				CLANG_WARN_OBJC_ROOT_CLASS = YES_ERROR;
				CLANG_WARN_RANGE_LOOP_ANALYSIS = YES;
				CLANG_WARN_STRICT_PROTOTYPES = YES;
				CLANG_WARN_SUSPICIOUS_MOVE = YES;
				CLANG_WARN_UNGUARDED_AVAILABILITY = YES_AGGRESSIVE;
				CLANG_WARN_UNREACHABLE_CODE = YES;
				CLANG_WARN__DUPLICATE_METHOD_MATCH = YES;
				CODE_SIGN_IDENTITY = "-";
				COPY_PHASE_STRIP = NO;
				DEBUG_INFORMATION_FORMAT = "dwarf-with-dsym";
				DSTROOT = "";
				ENABLE_NS_ASSERTIONS = NO;
				ENABLE_STRICT_OBJC_MSGSEND = YES;
				GCC_C_LANGUAGE_STANDARD = gnu11;
				GCC_NO_COMMON_BLOCKS = YES;
				GCC_WARN_64_TO_32_BIT_CONVERSION = YES;
				GCC_WARN_ABOUT_RETURN_TYPE = YES_ERROR;
				GCC_WARN_UNDECLARED_SELECTOR = YES;
				GCC_WARN_UNINITIALIZED_AUTOS = YES_AGGRESSIVE;
				GCC_WARN_UNUSED_FUNCTION = YES;
				GCC_WARN_UNUSED_VARIABLE = YES;
				IPHONEOS_DEPLOYMENT_TARGET = 12.1;
				MACOSX_DEPLOYMENT_TARGET = 10.14;
				MTL_ENABLE_DEBUG_INFO = NO;
				MTL_FAST_MATH = YES;
				SDKROOT = macosx;
				SYMROOT = build;
			};
			name = Release;
		};
		D46A496021A0C4270096F02F /* Debug */ = {
			isa = XCBuildConfiguration;
			buildSettings = {
				CODE_SIGN_STYLE = Automatic;
				DEBUGGING_SYMBOLS = YES;
				DEBUG_INFORMATION_FORMAT = dwarf;
				GCC_GENERATE_DEBUGGING_SYMBOLS = YES;
				GCC_OPTIMIZATION_LEVEL = 0;
				OTHER_CFLAGS = "";
				OTHER_LDFLAGS = "";
				PRODUCT_NAME = "$(TARGET_NAME)";
			};
			name = Debug;
		};
		D46A496121A0C4270096F02F /* Release */ = {
			isa = XCBuildConfiguration;
			buildSettings = {
				CODE_SIGN_STYLE = Automatic;
				DEBUG_INFORMATION_FORMAT = "dwarf-with-dsym";
				OTHER_CFLAGS = "";
				OTHER_LDFLAGS = "";
				PRODUCT_NAME = "$(TARGET_NAME)";
			};
			name = Release;
		};
		D46A4A4721A0CBEC0096F02F /* Debug */ = {
			isa = XCBuildConfiguration;
			buildSettings = {
				CLANG_CXX_LANGUAGE_STANDARD = "compiler-default";
				CLANG_CXX_LIBRARY = "compiler-default";
				CLANG_WARN_DOCUMENTATION_COMMENTS = NO;
				CODE_SIGN_STYLE = Automatic;
				FRAMEWORK_SEARCH_PATHS = (
					"$(inherited)",
					"$(LOCAL_LIBRARY_DIR)/Frameworks",
				);
				HEADER_SEARCH_PATHS = (
					"${SRCROOT}/lib",
					/usr/local/include,
				);
				LIBRARY_SEARCH_PATHS = (
					"$(inherited)",
					/usr/local/lib,
				);
				PRODUCT_NAME = "$(TARGET_NAME)";
				SYMROOT = build;
				USE_HEADERMAP = YES;
			};
			name = Debug;
		};
		D46A4A4821A0CBEC0096F02F /* Release */ = {
			isa = XCBuildConfiguration;
			buildSettings = {
				CLANG_CXX_LANGUAGE_STANDARD = "compiler-default";
				CLANG_CXX_LIBRARY = "compiler-default";
				CLANG_WARN_DOCUMENTATION_COMMENTS = NO;
				CODE_SIGN_STYLE = Automatic;
				FRAMEWORK_SEARCH_PATHS = (
					"$(inherited)",
					"$(LOCAL_LIBRARY_DIR)/Frameworks",
				);
				HEADER_SEARCH_PATHS = (
					"${SRCROOT}/lib",
					/usr/local/include,
				);
				LIBRARY_SEARCH_PATHS = (
					"$(inherited)",
					/usr/local/lib,
				);
				PRODUCT_NAME = "$(TARGET_NAME)";
				SYMROOT = build;
				USE_HEADERMAP = YES;
			};
			name = Release;
		};
/* End XCBuildConfiguration section */

/* Begin XCConfigurationList section */
		D46A488021A0C3F10096F02F /* Build configuration list for PBXProject "Projet_S2_CG_CPP" */ = {
			isa = XCConfigurationList;
			buildConfigurations = (
				D46A488A21A0C3F10096F02F /* Debug */,
				D46A488B21A0C3F10096F02F /* Release */,
			);
			defaultConfigurationIsVisible = 0;
			defaultConfigurationName = Release;
		};
		D46A495F21A0C4270096F02F /* Build configuration list for PBXLegacyTarget "make" */ = {
			isa = XCConfigurationList;
			buildConfigurations = (
				D46A496021A0C4270096F02F /* Debug */,
				D46A496121A0C4270096F02F /* Release */,
			);
			defaultConfigurationIsVisible = 0;
			defaultConfigurationName = Release;
		};
		D46A4A4621A0CBEC0096F02F /* Build configuration list for PBXNativeTarget "xcode target" */ = {
			isa = XCConfigurationList;
			buildConfigurations = (
				D46A4A4721A0CBEC0096F02F /* Debug */,
				D46A4A4821A0CBEC0096F02F /* Release */,
			);
			defaultConfigurationIsVisible = 0;
			defaultConfigurationName = Release;
		};
/* End XCConfigurationList section */
	};
	rootObject = D46A487D21A0C3F10096F02F /* Project object */;
}
