// !$*UTF8*$!
{
	archiveVersion = 1;
	classes = {
	};
	objectVersion = 50;
	objects = {

/* Begin PBXBuildFile section */
		D46A4A7521A0CE860096F02F /* OpenGL.framework in Frameworks */ = {isa = PBXBuildFile; fileRef = D46A4A3621A0C5960096F02F /* OpenGL.framework */; };
		D46A4A7621A0CE940096F02F /* Cocoa.framework in Frameworks */ = {isa = PBXBuildFile; fileRef = D46A4A3A21A0C5CA0096F02F /* Cocoa.framework */; };
		D46A4A7F21A0CFC50096F02F /* libGLEW.2.1.0.dylib in Frameworks */ = {isa = PBXBuildFile; fileRef = D46A4A7821A0CEEC0096F02F /* libGLEW.2.1.0.dylib */; };
		D4948B7A21D647020081C29E /* GameController.hpp in Sources */ = {isa = PBXBuildFile; fileRef = D4948B4C21D641C40081C29E /* GameController.hpp */; };
		D4948B7B21D647020081C29E /* Canvas.hpp in Sources */ = {isa = PBXBuildFile; fileRef = D4948B5121D641C40081C29E /* Canvas.hpp */; };
		D4948B7C21D647020081C29E /* Animation.hpp in Sources */ = {isa = PBXBuildFile; fileRef = D4948B5221D641C40081C29E /* Animation.hpp */; };
		D4948B7D21D647020081C29E /* GraphicsEngine.hpp in Sources */ = {isa = PBXBuildFile; fileRef = D4948B5321D641C40081C29E /* GraphicsEngine.hpp */; };
		D4948B7E21D647020081C29E /* Frameworks.hpp in Sources */ = {isa = PBXBuildFile; fileRef = D4948B5521D641C40081C29E /* Frameworks.hpp */; };
		D4948B7F21D647020081C29E /* Material.hpp in Sources */ = {isa = PBXBuildFile; fileRef = D4948B6121D641C40081C29E /* Material.hpp */; };
		D4948B8021D647020081C29E /* ImageData.hpp in Sources */ = {isa = PBXBuildFile; fileRef = D4948B6421D641C40081C29E /* ImageData.hpp */; };
		D4948B8121D647020081C29E /* PerspectiveShaderProgram.hpp in Sources */ = {isa = PBXBuildFile; fileRef = D4948B6621D641C40081C29E /* PerspectiveShaderProgram.hpp */; };
		D4948B8221D647020081C29E /* ShaderProgram.hpp in Sources */ = {isa = PBXBuildFile; fileRef = D4948B6721D641C40081C29E /* ShaderProgram.hpp */; };
		D4948B8321D647020081C29E /* Shader.hpp in Sources */ = {isa = PBXBuildFile; fileRef = D4948B6821D641C40081C29E /* Shader.hpp */; };
		D4948B8421D647020081C29E /* Camera.hpp in Sources */ = {isa = PBXBuildFile; fileRef = D4948B6C21D641C40081C29E /* Camera.hpp */; };
		D4948B8521D647020081C29E /* Terrain.hpp in Sources */ = {isa = PBXBuildFile; fileRef = D4948B6E21D641C40081C29E /* Terrain.hpp */; };
		D4948B8621D647020081C29E /* Game.hpp in Sources */ = {isa = PBXBuildFile; fileRef = D4948B6F21D641C40081C29E /* Game.hpp */; };
		D4948B8721D647020081C29E /* Player.hpp in Sources */ = {isa = PBXBuildFile; fileRef = D4948B7621D641C40081C29E /* Player.hpp */; };
		D4948B8821D647020081C29E /* EventManager.hpp in Sources */ = {isa = PBXBuildFile; fileRef = D4948B7921D641C40081C29E /* EventManager.hpp */; };
		D4948BC121D64B450081C29E /* GameController.cpp in Sources */ = {isa = PBXBuildFile; fileRef = D4948B3D21D641C40081C29E /* GameController.cpp */; };
		D4948BC221D64B450081C29E /* main.cpp in Sources */ = {isa = PBXBuildFile; fileRef = D4948B4A21D641C40081C29E /* main.cpp */; };
		D4948BC321D64B450081C29E /* Exceptions.cpp in Sources */ = {isa = PBXBuildFile; fileRef = D4948B2621D641C40081C29E /* Exceptions.cpp */; };
		D4948BC421D64B450081C29E /* Camera.cpp in Sources */ = {isa = PBXBuildFile; fileRef = D4948B2721D641C40081C29E /* Camera.cpp */; };
		D4948BC521D64B450081C29E /* Animation.cpp in Sources */ = {isa = PBXBuildFile; fileRef = D4948B2821D641C40081C29E /* Animation.cpp */; };
		D4948BC621D64B450081C29E /* GraphicsEngine.cpp in Sources */ = {isa = PBXBuildFile; fileRef = D4948B2921D641C40081C29E /* GraphicsEngine.cpp */; };
		D4948BC721D64B450081C29E /* Mesh.cpp in Sources */ = {isa = PBXBuildFile; fileRef = D4948B2C21D641C40081C29E /* Mesh.cpp */; };
		D4948BC821D64B450081C29E /* ImportedMesh.cpp in Sources */ = {isa = PBXBuildFile; fileRef = D4948B2D21D641C40081C29E /* ImportedMesh.cpp */; };
		D4948BC921D64B450081C29E /* Object3D.cpp in Sources */ = {isa = PBXBuildFile; fileRef = D4948B2F21D641C40081C29E /* Object3D.cpp */; };
		D4948BCA21D64B450081C29E /* Object2D.cpp in Sources */ = {isa = PBXBuildFile; fileRef = D4948B3021D641C40081C29E /* Object2D.cpp */; };
		D4948BCB21D64B450081C29E /* Texture.cpp in Sources */ = {isa = PBXBuildFile; fileRef = D4948B3321D641C40081C29E /* Texture.cpp */; };
		D4948BCC21D64B450081C29E /* ImageData.cpp in Sources */ = {isa = PBXBuildFile; fileRef = D4948B3421D641C40081C29E /* ImageData.cpp */; };
		D4948BCD21D64B450081C29E /* Shader.cpp in Sources */ = {isa = PBXBuildFile; fileRef = D4948B3621D641C40081C29E /* Shader.cpp */; };
		D4948BCE21D64B450081C29E /* PerspectiveShaderProgram.cpp in Sources */ = {isa = PBXBuildFile; fileRef = D4948B3721D641C40081C29E /* PerspectiveShaderProgram.cpp */; };
		D4948BCF21D64B450081C29E /* ShaderProgram.cpp in Sources */ = {isa = PBXBuildFile; fileRef = D4948B3821D641C40081C29E /* ShaderProgram.cpp */; };
		D4948BD021D64B450081C29E /* Material.cpp in Sources */ = {isa = PBXBuildFile; fileRef = D4948B3921D641C40081C29E /* Material.cpp */; };
		D4948BD121D64B450081C29E /* CommonStructs.cpp in Sources */ = {isa = PBXBuildFile; fileRef = D4948B3A21D641C40081C29E /* CommonStructs.cpp */; };
		D4948BD221D64B450081C29E /* Button.cpp in Sources */ = {isa = PBXBuildFile; fileRef = D4948B3C21D641C40081C29E /* Button.cpp */; };
		D4948BD321D64B450081C29E /* Player.cpp in Sources */ = {isa = PBXBuildFile; fileRef = D4948B3F21D641C40081C29E /* Player.cpp */; };
		D4948BD421D64B450081C29E /* TurningChunk.cpp in Sources */ = {isa = PBXBuildFile; fileRef = D4948B4121D641C40081C29E /* TurningChunk.cpp */; };
		D4948BD521D64B450081C29E /* Chunk.cpp in Sources */ = {isa = PBXBuildFile; fileRef = D4948B4221D641C40081C29E /* Chunk.cpp */; };
		D4948BD621D64B450081C29E /* Turn.cpp in Sources */ = {isa = PBXBuildFile; fileRef = D4948B4421D641C40081C29E /* Turn.cpp */; };
		D4948BD821D64B450081C29E /* Terrain.cpp in Sources */ = {isa = PBXBuildFile; fileRef = D4948B4621D641C40081C29E /* Terrain.cpp */; };
		D4948BD921D64B450081C29E /* Game.cpp in Sources */ = {isa = PBXBuildFile; fileRef = D4948B4721D641C40081C29E /* Game.cpp */; };
		D4948BDA21D64B450081C29E /* EventManager.cpp in Sources */ = {isa = PBXBuildFile; fileRef = D4948B4921D641C40081C29E /* EventManager.cpp */; };
		D4A0BD1921DBB46B00BC650B /* Entity.cpp in Sources */ = {isa = PBXBuildFile; fileRef = D4A0BD1221DBB46B00BC650B /* Entity.cpp */; };
		D4A0BD1A21DBB46B00BC650B /* PowerUp.cpp in Sources */ = {isa = PBXBuildFile; fileRef = D4A0BD1321DBB46B00BC650B /* PowerUp.cpp */; };
		D4A0BD1B21DBB46B00BC650B /* Coin.cpp in Sources */ = {isa = PBXBuildFile; fileRef = D4A0BD1421DBB46B00BC650B /* Coin.cpp */; };
		D4A0BD1C21DBB46B00BC650B /* Jump.cpp in Sources */ = {isa = PBXBuildFile; fileRef = D4A0BD1521DBB46B00BC650B /* Jump.cpp */; };
		D4A0BD1D21DBB46B00BC650B /* Slide.cpp in Sources */ = {isa = PBXBuildFile; fileRef = D4A0BD1621DBB46B00BC650B /* Slide.cpp */; };
		D4A0BD1F21DBB46B00BC650B /* Wall.cpp in Sources */ = {isa = PBXBuildFile; fileRef = D4A0BD1821DBB46B00BC650B /* Wall.cpp */; };
		D4EA626B21CBB56000CBFCAC /* libassimp.4.1.0.dylib in Frameworks */ = {isa = PBXBuildFile; fileRef = D4EA626A21CBB56000CBFCAC /* libassimp.4.1.0.dylib */; };
		D4F56EC621AEB29400767ECA /* SDL2_image.framework in Frameworks */ = {isa = PBXBuildFile; fileRef = D4F56EC521AEB29400767ECA /* SDL2_image.framework */; };
		D4F56EE821AF25F300767ECA /* SDL2.framework in Frameworks */ = {isa = PBXBuildFile; fileRef = D4F56EE721AF25F300767ECA /* SDL2.framework */; };
/* End PBXBuildFile section */

/* Begin PBXContainerItemProxy section */
		D46A4A8821A2D7A30096F02F /* PBXContainerItemProxy */ = {
			isa = PBXContainerItemProxy;
			containerPortal = D46A487D21A0C3F10096F02F /* Project object */;
			proxyType = 1;
			remoteGlobalIDString = D46A495E21A0C4270096F02F;
			remoteInfo = make;
		};
/* End PBXContainerItemProxy section */

/* Begin PBXCopyFilesBuildPhase section */
		D46A4A4021A0CBEC0096F02F /* CopyFiles */ = {
			isa = PBXCopyFilesBuildPhase;
			buildActionMask = 2147483647;
			dstPath = /usr/share/man/man1/;
			dstSubfolderSpec = 0;
			files = (
			);
			runOnlyForDeploymentPostprocessing = 1;
		};
/* End PBXCopyFilesBuildPhase section */

/* Begin PBXFileReference section */
		D44D288821C081E400492876 /* flatColor.fs.glsl */ = {isa = PBXFileReference; lastKnownFileType = text; path = flatColor.fs.glsl; sourceTree = "<group>"; };
		D46A496521A0C5130096F02F /* Makefile */ = {isa = PBXFileReference; fileEncoding = 4; lastKnownFileType = sourcecode.make; path = Makefile; sourceTree = "<group>"; usesTabs = 1; };
		D46A496D21A0C5130096F02F /* product.dSYM */ = {isa = PBXFileReference; lastKnownFileType = wrapper.dsym; path = product.dSYM; sourceTree = "<group>"; };
		D46A496E21A0C5130096F02F /* product */ = {isa = PBXFileReference; lastKnownFileType = "compiled.mach-o.executable"; path = product; sourceTree = "<group>"; };
		D46A4A3021A0C5130096F02F /* main.o */ = {isa = PBXFileReference; lastKnownFileType = "compiled.mach-o.objfile"; path = main.o; sourceTree = "<group>"; };
		D46A4A3621A0C5960096F02F /* OpenGL.framework */ = {isa = PBXFileReference; lastKnownFileType = wrapper.framework; name = OpenGL.framework; path = System/Library/Frameworks/OpenGL.framework; sourceTree = SDKROOT; };
		D46A4A3821A0C5B40096F02F /* SDL2.framework */ = {isa = PBXFileReference; lastKnownFileType = wrapper.framework; name = SDL2.framework; path = ../../../../../Library/Frameworks/SDL2.framework; sourceTree = "<group>"; };
		D46A4A3A21A0C5CA0096F02F /* Cocoa.framework */ = {isa = PBXFileReference; lastKnownFileType = wrapper.framework; name = Cocoa.framework; path = System/Library/Frameworks/Cocoa.framework; sourceTree = SDKROOT; };
		D46A4A4221A0CBEC0096F02F /* xcode target */ = {isa = PBXFileReference; explicitFileType = "compiled.mach-o.executable"; includeInIndex = 0; path = "xcode target"; sourceTree = BUILT_PRODUCTS_DIR; };
		D46A4A7821A0CEEC0096F02F /* libGLEW.2.1.0.dylib */ = {isa = PBXFileReference; lastKnownFileType = "compiled.mach-o.dylib"; name = libGLEW.2.1.0.dylib; path = ../../../../../usr/local/Cellar/glew/2.1.0/lib/libGLEW.2.1.0.dylib; sourceTree = "<group>"; };
		D46A4A7C21A0CF120096F02F /* glxew.h */ = {isa = PBXFileReference; lastKnownFileType = sourcecode.c.h; path = glxew.h; sourceTree = "<group>"; };
		D46A4A7D21A0CF120096F02F /* wglew.h */ = {isa = PBXFileReference; lastKnownFileType = sourcecode.c.h; path = wglew.h; sourceTree = "<group>"; };
		D46A4A7E21A0CF120096F02F /* glew.h */ = {isa = PBXFileReference; lastKnownFileType = sourcecode.c.h; path = glew.h; sourceTree = "<group>"; };
		D46A4B8C21A2FDF90096F02F /* perspective.vs.glsl */ = {isa = PBXFileReference; fileEncoding = 4; lastKnownFileType = text; lineEnding = 0; path = perspective.vs.glsl; sourceTree = "<group>"; };
		D46A4B8D21A2FE020096F02F /* flatTexture.fs.glsl */ = {isa = PBXFileReference; fileEncoding = 4; lastKnownFileType = text; lineEnding = 0; path = flatTexture.fs.glsl; sourceTree = "<group>"; };
		D4948B2621D641C40081C29E /* Exceptions.cpp */ = {isa = PBXFileReference; fileEncoding = 4; lastKnownFileType = sourcecode.cpp.cpp; lineEnding = 0; path = Exceptions.cpp; sourceTree = "<group>"; };
		D4948B2721D641C40081C29E /* Camera.cpp */ = {isa = PBXFileReference; fileEncoding = 4; lastKnownFileType = sourcecode.cpp.cpp; lineEnding = 0; path = Camera.cpp; sourceTree = "<group>"; };
		D4948B2821D641C40081C29E /* Animation.cpp */ = {isa = PBXFileReference; fileEncoding = 4; lastKnownFileType = sourcecode.cpp.cpp; lineEnding = 0; path = Animation.cpp; sourceTree = "<group>"; };
		D4948B2921D641C40081C29E /* GraphicsEngine.cpp */ = {isa = PBXFileReference; fileEncoding = 4; lastKnownFileType = sourcecode.cpp.cpp; lineEnding = 0; path = GraphicsEngine.cpp; sourceTree = "<group>"; };
		D4948B2C21D641C40081C29E /* Mesh.cpp */ = {isa = PBXFileReference; fileEncoding = 4; lastKnownFileType = sourcecode.cpp.cpp; lineEnding = 0; path = Mesh.cpp; sourceTree = "<group>"; };
		D4948B2D21D641C40081C29E /* ImportedMesh.cpp */ = {isa = PBXFileReference; fileEncoding = 4; lastKnownFileType = sourcecode.cpp.cpp; lineEnding = 0; path = ImportedMesh.cpp; sourceTree = "<group>"; };
		D4948B2F21D641C40081C29E /* Object3D.cpp */ = {isa = PBXFileReference; fileEncoding = 4; lastKnownFileType = sourcecode.cpp.cpp; lineEnding = 0; path = Object3D.cpp; sourceTree = "<group>"; };
		D4948B3021D641C40081C29E /* Object2D.cpp */ = {isa = PBXFileReference; fileEncoding = 4; lastKnownFileType = sourcecode.cpp.cpp; lineEnding = 0; path = Object2D.cpp; sourceTree = "<group>"; };
		D4948B3321D641C40081C29E /* Texture.cpp */ = {isa = PBXFileReference; fileEncoding = 4; lastKnownFileType = sourcecode.cpp.cpp; lineEnding = 0; path = Texture.cpp; sourceTree = "<group>"; };
		D4948B3421D641C40081C29E /* ImageData.cpp */ = {isa = PBXFileReference; fileEncoding = 4; lastKnownFileType = sourcecode.cpp.cpp; lineEnding = 0; path = ImageData.cpp; sourceTree = "<group>"; };
		D4948B3621D641C40081C29E /* Shader.cpp */ = {isa = PBXFileReference; fileEncoding = 4; lastKnownFileType = sourcecode.cpp.cpp; lineEnding = 0; path = Shader.cpp; sourceTree = "<group>"; };
		D4948B3721D641C40081C29E /* PerspectiveShaderProgram.cpp */ = {isa = PBXFileReference; fileEncoding = 4; lastKnownFileType = sourcecode.cpp.cpp; lineEnding = 0; path = PerspectiveShaderProgram.cpp; sourceTree = "<group>"; };
		D4948B3821D641C40081C29E /* ShaderProgram.cpp */ = {isa = PBXFileReference; fileEncoding = 4; lastKnownFileType = sourcecode.cpp.cpp; lineEnding = 0; path = ShaderProgram.cpp; sourceTree = "<group>"; };
		D4948B3921D641C40081C29E /* Material.cpp */ = {isa = PBXFileReference; fileEncoding = 4; lastKnownFileType = sourcecode.cpp.cpp; lineEnding = 0; path = Material.cpp; sourceTree = "<group>"; };
		D4948B3A21D641C40081C29E /* CommonStructs.cpp */ = {isa = PBXFileReference; fileEncoding = 4; lastKnownFileType = sourcecode.cpp.cpp; lineEnding = 0; path = CommonStructs.cpp; sourceTree = "<group>"; };
		D4948B3C21D641C40081C29E /* Button.cpp */ = {isa = PBXFileReference; fileEncoding = 4; lastKnownFileType = sourcecode.cpp.cpp; lineEnding = 0; path = Button.cpp; sourceTree = "<group>"; };
		D4948B3D21D641C40081C29E /* GameController.cpp */ = {isa = PBXFileReference; fileEncoding = 4; lastKnownFileType = sourcecode.cpp.cpp; lineEnding = 0; path = GameController.cpp; sourceTree = "<group>"; };
		D4948B3F21D641C40081C29E /* Player.cpp */ = {isa = PBXFileReference; fileEncoding = 4; lastKnownFileType = sourcecode.cpp.cpp; lineEnding = 0; path = Player.cpp; sourceTree = "<group>"; };
		D4948B4121D641C40081C29E /* TurningChunk.cpp */ = {isa = PBXFileReference; fileEncoding = 4; lastKnownFileType = sourcecode.cpp.cpp; lineEnding = 0; path = TurningChunk.cpp; sourceTree = "<group>"; };
		D4948B4221D641C40081C29E /* Chunk.cpp */ = {isa = PBXFileReference; fileEncoding = 4; lastKnownFileType = sourcecode.cpp.cpp; lineEnding = 0; path = Chunk.cpp; sourceTree = "<group>"; };
		D4948B4421D641C40081C29E /* Turn.cpp */ = {isa = PBXFileReference; fileEncoding = 4; lastKnownFileType = sourcecode.cpp.cpp; lineEnding = 0; path = Turn.cpp; sourceTree = "<group>"; };
		D4948B4621D641C40081C29E /* Terrain.cpp */ = {isa = PBXFileReference; fileEncoding = 4; lastKnownFileType = sourcecode.cpp.cpp; lineEnding = 0; path = Terrain.cpp; sourceTree = "<group>"; };
		D4948B4721D641C40081C29E /* Game.cpp */ = {isa = PBXFileReference; fileEncoding = 4; lastKnownFileType = sourcecode.cpp.cpp; lineEnding = 0; path = Game.cpp; sourceTree = "<group>"; };
		D4948B4921D641C40081C29E /* EventManager.cpp */ = {isa = PBXFileReference; fileEncoding = 4; lastKnownFileType = sourcecode.cpp.cpp; lineEnding = 0; path = EventManager.cpp; sourceTree = "<group>"; };
		D4948B4A21D641C40081C29E /* main.cpp */ = {isa = PBXFileReference; fileEncoding = 4; lastKnownFileType = sourcecode.cpp.cpp; lineEnding = 0; path = main.cpp; sourceTree = "<group>"; };
		D4948B4C21D641C40081C29E /* GameController.hpp */ = {isa = PBXFileReference; lastKnownFileType = sourcecode.cpp.h; path = GameController.hpp; sourceTree = "<group>"; };
		D4948B4F21D641C40081C29E /* Context.hpp */ = {isa = PBXFileReference; lastKnownFileType = sourcecode.cpp.h; path = Context.hpp; sourceTree = "<group>"; };
		D4948B5021D641C40081C29E /* Scene.hpp */ = {isa = PBXFileReference; lastKnownFileType = sourcecode.cpp.h; path = Scene.hpp; sourceTree = "<group>"; };
		D4948B5121D641C40081C29E /* Canvas.hpp */ = {isa = PBXFileReference; lastKnownFileType = sourcecode.cpp.h; path = Canvas.hpp; sourceTree = "<group>"; };
		D4948B5221D641C40081C29E /* Animation.hpp */ = {isa = PBXFileReference; lastKnownFileType = sourcecode.cpp.h; path = Animation.hpp; sourceTree = "<group>"; };
		D4948B5321D641C40081C29E /* GraphicsEngine.hpp */ = {isa = PBXFileReference; lastKnownFileType = sourcecode.cpp.h; path = GraphicsEngine.hpp; sourceTree = "<group>"; };
		D4948B5421D641C40081C29E /* CommonStructs.hpp */ = {isa = PBXFileReference; lastKnownFileType = sourcecode.cpp.h; path = CommonStructs.hpp; sourceTree = "<group>"; };
		D4948B5521D641C40081C29E /* Frameworks.hpp */ = {isa = PBXFileReference; lastKnownFileType = sourcecode.cpp.h; path = Frameworks.hpp; sourceTree = "<group>"; };
		D4948B5821D641C40081C29E /* ImportedMesh.hpp */ = {isa = PBXFileReference; lastKnownFileType = sourcecode.cpp.h; path = ImportedMesh.hpp; sourceTree = "<group>"; };
		D4948B5921D641C40081C29E /* Mesh.hpp */ = {isa = PBXFileReference; lastKnownFileType = sourcecode.cpp.h; path = Mesh.hpp; sourceTree = "<group>"; };
		D4948B5B21D641C40081C29E /* Object.hpp */ = {isa = PBXFileReference; lastKnownFileType = sourcecode.cpp.h; path = Object.hpp; sourceTree = "<group>"; };
		D4948B5D21D641C40081C29E /* Object3D.hpp */ = {isa = PBXFileReference; lastKnownFileType = sourcecode.cpp.h; path = Object3D.hpp; sourceTree = "<group>"; };
		D4948B5E21D641C40081C29E /* Object2D.hpp */ = {isa = PBXFileReference; lastKnownFileType = sourcecode.cpp.h; path = Object2D.hpp; sourceTree = "<group>"; };
		D4948B5F21D641C40081C29E /* Object.hpp */ = {isa = PBXFileReference; lastKnownFileType = sourcecode.cpp.h; path = Object.hpp; sourceTree = "<group>"; };
		D4948B6121D641C40081C29E /* Material.hpp */ = {isa = PBXFileReference; lastKnownFileType = sourcecode.cpp.h; path = Material.hpp; sourceTree = "<group>"; };
		D4948B6321D641C40081C29E /* Texture.hpp */ = {isa = PBXFileReference; lastKnownFileType = sourcecode.cpp.h; path = Texture.hpp; sourceTree = "<group>"; };
		D4948B6421D641C40081C29E /* ImageData.hpp */ = {isa = PBXFileReference; lastKnownFileType = sourcecode.cpp.h; path = ImageData.hpp; sourceTree = "<group>"; };
		D4948B6621D641C40081C29E /* PerspectiveShaderProgram.hpp */ = {isa = PBXFileReference; lastKnownFileType = sourcecode.cpp.h; path = PerspectiveShaderProgram.hpp; sourceTree = "<group>"; };
		D4948B6721D641C40081C29E /* ShaderProgram.hpp */ = {isa = PBXFileReference; lastKnownFileType = sourcecode.cpp.h; path = ShaderProgram.hpp; sourceTree = "<group>"; };
		D4948B6821D641C40081C29E /* Shader.hpp */ = {isa = PBXFileReference; lastKnownFileType = sourcecode.cpp.h; path = Shader.hpp; sourceTree = "<group>"; };
		D4948B6A21D641C40081C29E /* Button.hpp */ = {isa = PBXFileReference; lastKnownFileType = sourcecode.cpp.h; path = Button.hpp; sourceTree = "<group>"; };
		D4948B6B21D641C40081C29E /* Exceptions.hpp */ = {isa = PBXFileReference; lastKnownFileType = sourcecode.cpp.h; path = Exceptions.hpp; sourceTree = "<group>"; };
		D4948B6C21D641C40081C29E /* Camera.hpp */ = {isa = PBXFileReference; lastKnownFileType = sourcecode.cpp.h; path = Camera.hpp; sourceTree = "<group>"; };
		D4948B6E21D641C40081C29E /* Terrain.hpp */ = {isa = PBXFileReference; lastKnownFileType = sourcecode.cpp.h; path = Terrain.hpp; sourceTree = "<group>"; };
		D4948B6F21D641C40081C29E /* Game.hpp */ = {isa = PBXFileReference; lastKnownFileType = sourcecode.cpp.h; path = Game.hpp; sourceTree = "<group>"; };
		D4948B7121D641C40081C29E /* Chunk.hpp */ = {isa = PBXFileReference; lastKnownFileType = sourcecode.cpp.h; path = Chunk.hpp; sourceTree = "<group>"; };
		D4948B7221D641C40081C29E /* TurningChunk.hpp */ = {isa = PBXFileReference; lastKnownFileType = sourcecode.cpp.h; path = TurningChunk.hpp; sourceTree = "<group>"; };
		D4948B7621D641C40081C29E /* Player.hpp */ = {isa = PBXFileReference; lastKnownFileType = sourcecode.cpp.h; path = Player.hpp; sourceTree = "<group>"; };
		D4948B7821D641C40081C29E /* EventObservers.hpp */ = {isa = PBXFileReference; lastKnownFileType = sourcecode.cpp.h; path = EventObservers.hpp; sourceTree = "<group>"; };
		D4948B7921D641C40081C29E /* EventManager.hpp */ = {isa = PBXFileReference; lastKnownFileType = sourcecode.cpp.h; path = EventManager.hpp; sourceTree = "<group>"; };
		D4A0BD0B21DBB41C00BC650B /* Wall.hpp */ = {isa = PBXFileReference; fileEncoding = 4; lastKnownFileType = sourcecode.cpp.h; path = Wall.hpp; sourceTree = "<group>"; };
		D4A0BD0C21DBB41C00BC650B /* Entity.hpp */ = {isa = PBXFileReference; fileEncoding = 4; lastKnownFileType = sourcecode.cpp.h; path = Entity.hpp; sourceTree = "<group>"; };
		D4A0BD0D21DBB41C00BC650B /* PowerUp.hpp */ = {isa = PBXFileReference; fileEncoding = 4; lastKnownFileType = sourcecode.cpp.h; path = PowerUp.hpp; sourceTree = "<group>"; };
		D4A0BD0E21DBB41C00BC650B /* Coin.hpp */ = {isa = PBXFileReference; fileEncoding = 4; lastKnownFileType = sourcecode.cpp.h; path = Coin.hpp; sourceTree = "<group>"; };
		D4A0BD0F21DBB41C00BC650B /* Turn.hpp */ = {isa = PBXFileReference; fileEncoding = 4; lastKnownFileType = sourcecode.cpp.h; path = Turn.hpp; sourceTree = "<group>"; };
		D4A0BD1021DBB41C00BC650B /* Jump.hpp */ = {isa = PBXFileReference; fileEncoding = 4; lastKnownFileType = sourcecode.cpp.h; path = Jump.hpp; sourceTree = "<group>"; };
		D4A0BD1121DBB41C00BC650B /* Slide.hpp */ = {isa = PBXFileReference; fileEncoding = 4; lastKnownFileType = sourcecode.cpp.h; path = Slide.hpp; sourceTree = "<group>"; };
		D4A0BD1221DBB46B00BC650B /* Entity.cpp */ = {isa = PBXFileReference; fileEncoding = 4; lastKnownFileType = sourcecode.cpp.cpp; path = Entity.cpp; sourceTree = "<group>"; };
		D4A0BD1321DBB46B00BC650B /* PowerUp.cpp */ = {isa = PBXFileReference; fileEncoding = 4; lastKnownFileType = sourcecode.cpp.cpp; path = PowerUp.cpp; sourceTree = "<group>"; };
		D4A0BD1421DBB46B00BC650B /* Coin.cpp */ = {isa = PBXFileReference; fileEncoding = 4; lastKnownFileType = sourcecode.cpp.cpp; path = Coin.cpp; sourceTree = "<group>"; };
		D4A0BD1521DBB46B00BC650B /* Jump.cpp */ = {isa = PBXFileReference; fileEncoding = 4; lastKnownFileType = sourcecode.cpp.cpp; path = Jump.cpp; sourceTree = "<group>"; };
		D4A0BD1621DBB46B00BC650B /* Slide.cpp */ = {isa = PBXFileReference; fileEncoding = 4; lastKnownFileType = sourcecode.cpp.cpp; path = Slide.cpp; sourceTree = "<group>"; };
		D4A0BD1821DBB46B00BC650B /* Wall.cpp */ = {isa = PBXFileReference; fileEncoding = 4; lastKnownFileType = sourcecode.cpp.cpp; path = Wall.cpp; sourceTree = "<group>"; };
		D4EA624A21C938FF00CBFCAC /* 2D.fs.glsl */ = {isa = PBXFileReference; lastKnownFileType = text; path = 2D.fs.glsl; sourceTree = "<group>"; };
		D4EA624B21C938FF00CBFCAC /* 2D.vs.glsl */ = {isa = PBXFileReference; lastKnownFileType = text; path = 2D.vs.glsl; sourceTree = "<group>"; };
		D4EA626221CB93A200CBFCAC /* monkey1.obj */ = {isa = PBXFileReference; lastKnownFileType = text; path = monkey1.obj; sourceTree = "<group>"; };
		D4EA626A21CBB56000CBFCAC /* libassimp.4.1.0.dylib */ = {isa = PBXFileReference; lastKnownFileType = "compiled.mach-o.dylib"; name = libassimp.4.1.0.dylib; path = ../../../../../../usr/local/Cellar/assimp/4.1.0/lib/libassimp.4.1.0.dylib; sourceTree = "<group>"; };
		D4F56EC521AEB29400767ECA /* SDL2_image.framework */ = {isa = PBXFileReference; lastKnownFileType = wrapper.framework; name = SDL2_image.framework; path = ../../../../../../Library/Frameworks/SDL2_image.framework; sourceTree = "<group>"; };
		D4F56ED221AEE46500767ECA /* test.png */ = {isa = PBXFileReference; lastKnownFileType = image.png; path = test.png; sourceTree = "<group>"; };
		D4F56EE721AF25F300767ECA /* SDL2.framework */ = {isa = PBXFileReference; lastKnownFileType = wrapper.framework; name = SDL2.framework; path = ../../../../../../Library/Frameworks/SDL2.framework; sourceTree = "<group>"; };
		D4F56EF721AF37BF00767ECA /* README.md */ = {isa = PBXFileReference; lastKnownFileType = net.daringfireball.markdown; path = README.md; sourceTree = "<group>"; };
/* End PBXFileReference section */

/* Begin PBXFrameworksBuildPhase section */
		D46A4A3F21A0CBEC0096F02F /* Frameworks */ = {
			isa = PBXFrameworksBuildPhase;
			buildActionMask = 2147483647;
			files = (
				D4EA626B21CBB56000CBFCAC /* libassimp.4.1.0.dylib in Frameworks */,
				D46A4A7F21A0CFC50096F02F /* libGLEW.2.1.0.dylib in Frameworks */,
				D4F56EE821AF25F300767ECA /* SDL2.framework in Frameworks */,
				D4F56EC621AEB29400767ECA /* SDL2_image.framework in Frameworks */,
				D46A4A7621A0CE940096F02F /* Cocoa.framework in Frameworks */,
				D46A4A7521A0CE860096F02F /* OpenGL.framework in Frameworks */,
			);
			runOnlyForDeploymentPostprocessing = 0;
		};
/* End PBXFrameworksBuildPhase section */

/* Begin PBXGroup section */
		D46A487C21A0C3F10096F02F = {
			isa = PBXGroup;
			children = (
				D4F56EF721AF37BF00767ECA /* README.md */,
				D46A496521A0C5130096F02F /* Makefile */,
				D4948B4B21D641C40081C29E /* includes */,
				D4948B2421D641C40081C29E /* src */,
				D46A496C21A0C5130096F02F /* bin */,
				D46A4A2F21A0C5130096F02F /* obj */,
				D46A496B21A0C5130096F02F /* shaders */,
				D4EA626121CB93A200CBFCAC /* assets */,
				D46A488621A0C3F10096F02F /* Products */,
				D46A4A3521A0C5960096F02F /* Frameworks */,
			);
			sourceTree = "<group>";
		};
		D46A488621A0C3F10096F02F /* Products */ = {
			isa = PBXGroup;
			children = (
				D46A4A4221A0CBEC0096F02F /* xcode target */,
			);
			name = Products;
			sourceTree = "<group>";
		};
		D46A496B21A0C5130096F02F /* shaders */ = {
			isa = PBXGroup;
			children = (
				D4EA624A21C938FF00CBFCAC /* 2D.fs.glsl */,
				D4EA624B21C938FF00CBFCAC /* 2D.vs.glsl */,
				D44D288821C081E400492876 /* flatColor.fs.glsl */,
				D46A4B8C21A2FDF90096F02F /* perspective.vs.glsl */,
				D46A4B8D21A2FE020096F02F /* flatTexture.fs.glsl */,
			);
			path = shaders;
			sourceTree = "<group>";
		};
		D46A496C21A0C5130096F02F /* bin */ = {
			isa = PBXGroup;
			children = (
				D46A496D21A0C5130096F02F /* product.dSYM */,
				D46A496E21A0C5130096F02F /* product */,
			);
			path = bin;
			sourceTree = "<group>";
		};
		D46A4A2E21A0C5130096F02F /* textures */ = {
			isa = PBXGroup;
			children = (
				D4F56ED221AEE46500767ECA /* test.png */,
			);
			path = textures;
			sourceTree = "<group>";
		};
		D46A4A2F21A0C5130096F02F /* obj */ = {
			isa = PBXGroup;
			children = (
				D46A4A3021A0C5130096F02F /* main.o */,
			);
			path = obj;
			sourceTree = "<group>";
		};
		D46A4A3521A0C5960096F02F /* Frameworks */ = {
			isa = PBXGroup;
			children = (
				D4EA626A21CBB56000CBFCAC /* libassimp.4.1.0.dylib */,
				D4F56EE721AF25F300767ECA /* SDL2.framework */,
				D4F56EC521AEB29400767ECA /* SDL2_image.framework */,
				D46A4A7A21A0CF120096F02F /* include */,
				D46A4A7821A0CEEC0096F02F /* libGLEW.2.1.0.dylib */,
				D46A4A3A21A0C5CA0096F02F /* Cocoa.framework */,
				D46A4A3821A0C5B40096F02F /* SDL2.framework */,
				D46A4A3621A0C5960096F02F /* OpenGL.framework */,
			);
			name = Frameworks;
			sourceTree = "<group>";
		};
		D46A4A7A21A0CF120096F02F /* include */ = {
			isa = PBXGroup;
			children = (
				D46A4A7B21A0CF120096F02F /* GL */,
			);
			name = include;
			path = ../../../../../usr/local/Cellar/glew/2.1.0/include;
			sourceTree = "<group>";
		};
		D46A4A7B21A0CF120096F02F /* GL */ = {
			isa = PBXGroup;
			children = (
				D46A4A7C21A0CF120096F02F /* glxew.h */,
				D46A4A7D21A0CF120096F02F /* wglew.h */,
				D46A4A7E21A0CF120096F02F /* glew.h */,
			);
			path = GL;
			sourceTree = "<group>";
		};
		D4948B2421D641C40081C29E /* src */ = {
			isa = PBXGroup;
			children = (
				D4948B3D21D641C40081C29E /* GameController.cpp */,
				D4948B4A21D641C40081C29E /* main.cpp */,
				D4948B2521D641C40081C29E /* GraphicsEngine */,
				D4948B3E21D641C40081C29E /* Model */,
				D4948B4821D641C40081C29E /* Events */,
			);
			path = src;
			sourceTree = "<group>";
		};
		D4948B2521D641C40081C29E /* GraphicsEngine */ = {
			isa = PBXGroup;
			children = (
				D4948B2621D641C40081C29E /* Exceptions.cpp */,
				D4948B2721D641C40081C29E /* Camera.cpp */,
				D4948B2821D641C40081C29E /* Animation.cpp */,
				D4948B2921D641C40081C29E /* GraphicsEngine.cpp */,
				D4948B2A21D641C40081C29E /* Object */,
				D4948B3A21D641C40081C29E /* CommonStructs.cpp */,
				D4948B3B21D641C40081C29E /* GUI */,
			);
			path = GraphicsEngine;
			sourceTree = "<group>";
		};
		D4948B2A21D641C40081C29E /* Object */ = {
			isa = PBXGroup;
			children = (
				D4948B2B21D641C40081C29E /* Mesh */,
				D4948B2E21D641C40081C29E /* Object */,
				D4948B3121D641C40081C29E /* Material */,
			);
			path = Object;
			sourceTree = "<group>";
		};
		D4948B2B21D641C40081C29E /* Mesh */ = {
			isa = PBXGroup;
			children = (
				D4948B2C21D641C40081C29E /* Mesh.cpp */,
				D4948B2D21D641C40081C29E /* ImportedMesh.cpp */,
			);
			path = Mesh;
			sourceTree = "<group>";
		};
		D4948B2E21D641C40081C29E /* Object */ = {
			isa = PBXGroup;
			children = (
				D4948B2F21D641C40081C29E /* Object3D.cpp */,
				D4948B3021D641C40081C29E /* Object2D.cpp */,
			);
			path = Object;
			sourceTree = "<group>";
		};
		D4948B3121D641C40081C29E /* Material */ = {
			isa = PBXGroup;
			children = (
				D4948B3221D641C40081C29E /* Textures */,
				D4948B3521D641C40081C29E /* Shader */,
				D4948B3921D641C40081C29E /* Material.cpp */,
			);
			path = Material;
			sourceTree = "<group>";
		};
		D4948B3221D641C40081C29E /* Textures */ = {
			isa = PBXGroup;
			children = (
				D4948B3321D641C40081C29E /* Texture.cpp */,
				D4948B3421D641C40081C29E /* ImageData.cpp */,
			);
			path = Textures;
			sourceTree = "<group>";
		};
		D4948B3521D641C40081C29E /* Shader */ = {
			isa = PBXGroup;
			children = (
				D4948B3621D641C40081C29E /* Shader.cpp */,
				D4948B3721D641C40081C29E /* PerspectiveShaderProgram.cpp */,
				D4948B3821D641C40081C29E /* ShaderProgram.cpp */,
			);
			path = Shader;
			sourceTree = "<group>";
		};
		D4948B3B21D641C40081C29E /* GUI */ = {
			isa = PBXGroup;
			children = (
				D4948B3C21D641C40081C29E /* Button.cpp */,
			);
			path = GUI;
			sourceTree = "<group>";
		};
		D4948B3E21D641C40081C29E /* Model */ = {
			isa = PBXGroup;
			children = (
				D4948B3F21D641C40081C29E /* Player.cpp */,
				D4948B4021D641C40081C29E /* Chunks */,
				D4948B4621D641C40081C29E /* Terrain.cpp */,
				D4948B4721D641C40081C29E /* Game.cpp */,
			);
			path = Model;
			sourceTree = "<group>";
		};
		D4948B4021D641C40081C29E /* Chunks */ = {
			isa = PBXGroup;
			children = (
				D4948B4121D641C40081C29E /* TurningChunk.cpp */,
				D4948B4221D641C40081C29E /* Chunk.cpp */,
				D4948B4321D641C40081C29E /* Entities */,
			);
			path = Chunks;
			sourceTree = "<group>";
		};
		D4948B4321D641C40081C29E /* Entities */ = {
			isa = PBXGroup;
			children = (
				D4A0BD1421DBB46B00BC650B /* Coin.cpp */,
				D4A0BD1221DBB46B00BC650B /* Entity.cpp */,
				D4A0BD1521DBB46B00BC650B /* Jump.cpp */,
				D4A0BD1321DBB46B00BC650B /* PowerUp.cpp */,
				D4A0BD1621DBB46B00BC650B /* Slide.cpp */,
				D4A0BD1821DBB46B00BC650B /* Wall.cpp */,
				D4948B4421D641C40081C29E /* Turn.cpp */,
			);
			path = Entities;
			sourceTree = "<group>";
		};
		D4948B4821D641C40081C29E /* Events */ = {
			isa = PBXGroup;
			children = (
				D4948B4921D641C40081C29E /* EventManager.cpp */,
			);
			path = Events;
			sourceTree = "<group>";
		};
		D4948B4B21D641C40081C29E /* includes */ = {
			isa = PBXGroup;
			children = (
				D4948B4C21D641C40081C29E /* GameController.hpp */,
				D4948B4D21D641C40081C29E /* GraphicsEngine */,
				D4948B6D21D641C40081C29E /* Model */,
				D4948B7721D641C40081C29E /* Events */,
			);
			path = includes;
			sourceTree = "<group>";
		};
		D4948B4D21D641C40081C29E /* GraphicsEngine */ = {
			isa = PBXGroup;
			children = (
				D4948B4E21D641C40081C29E /* Context */,
				D4948B5221D641C40081C29E /* Animation.hpp */,
				D4948B5321D641C40081C29E /* GraphicsEngine.hpp */,
				D4948B5421D641C40081C29E /* CommonStructs.hpp */,
				D4948B5521D641C40081C29E /* Frameworks.hpp */,
				D4948B5621D641C40081C29E /* Object */,
				D4948B6921D641C40081C29E /* GUI */,
				D4948B6B21D641C40081C29E /* Exceptions.hpp */,
				D4948B6C21D641C40081C29E /* Camera.hpp */,
			);
			path = GraphicsEngine;
			sourceTree = "<group>";
		};
		D4948B4E21D641C40081C29E /* Context */ = {
			isa = PBXGroup;
			children = (
				D4948B4F21D641C40081C29E /* Context.hpp */,
				D4948B5021D641C40081C29E /* Scene.hpp */,
				D4948B5121D641C40081C29E /* Canvas.hpp */,
			);
			path = Context;
			sourceTree = "<group>";
		};
		D4948B5621D641C40081C29E /* Object */ = {
			isa = PBXGroup;
			children = (
				D4948B5721D641C40081C29E /* Mesh */,
				D4948B5B21D641C40081C29E /* Object.hpp */,
				D4948B5C21D641C40081C29E /* Object */,
				D4948B6021D641C40081C29E /* Material */,
			);
			path = Object;
			sourceTree = "<group>";
		};
		D4948B5721D641C40081C29E /* Mesh */ = {
			isa = PBXGroup;
			children = (
				D4948B5821D641C40081C29E /* ImportedMesh.hpp */,
				D4948B5921D641C40081C29E /* Mesh.hpp */,
			);
			path = Mesh;
			sourceTree = "<group>";
		};
		D4948B5C21D641C40081C29E /* Object */ = {
			isa = PBXGroup;
			children = (
				D4948B5D21D641C40081C29E /* Object3D.hpp */,
				D4948B5E21D641C40081C29E /* Object2D.hpp */,
				D4948B5F21D641C40081C29E /* Object.hpp */,
			);
			path = Object;
			sourceTree = "<group>";
		};
		D4948B6021D641C40081C29E /* Material */ = {
			isa = PBXGroup;
			children = (
				D4948B6121D641C40081C29E /* Material.hpp */,
				D4948B6221D641C40081C29E /* Texture */,
				D4948B6521D641C40081C29E /* Shader */,
			);
			path = Material;
			sourceTree = "<group>";
		};
		D4948B6221D641C40081C29E /* Texture */ = {
			isa = PBXGroup;
			children = (
				D4948B6321D641C40081C29E /* Texture.hpp */,
				D4948B6421D641C40081C29E /* ImageData.hpp */,
			);
			path = Texture;
			sourceTree = "<group>";
		};
		D4948B6521D641C40081C29E /* Shader */ = {
			isa = PBXGroup;
			children = (
				D4948B6621D641C40081C29E /* PerspectiveShaderProgram.hpp */,
				D4948B6721D641C40081C29E /* ShaderProgram.hpp */,
				D4948B6821D641C40081C29E /* Shader.hpp */,
			);
			path = Shader;
			sourceTree = "<group>";
		};
		D4948B6921D641C40081C29E /* GUI */ = {
			isa = PBXGroup;
			children = (
				D4948B6A21D641C40081C29E /* Button.hpp */,
			);
			path = GUI;
			sourceTree = "<group>";
		};
		D4948B6D21D641C40081C29E /* Model */ = {
			isa = PBXGroup;
			children = (
				D4948B6E21D641C40081C29E /* Terrain.hpp */,
				D4948B6F21D641C40081C29E /* Game.hpp */,
				D4948B7621D641C40081C29E /* Player.hpp */,
				D4948B7021D641C40081C29E /* Chunks */,
			);
			path = Model;
			sourceTree = "<group>";
		};
		D4948B7021D641C40081C29E /* Chunks */ = {
			isa = PBXGroup;
			children = (
				D4948B7121D641C40081C29E /* Chunk.hpp */,
				D4948B7221D641C40081C29E /* TurningChunk.hpp */,
				D4948B7321D641C40081C29E /* Entities */,
			);
			path = Chunks;
			sourceTree = "<group>";
		};
		D4948B7321D641C40081C29E /* Entities */ = {
			isa = PBXGroup;
			children = (
				D4A0BD0E21DBB41C00BC650B /* Coin.hpp */,
				D4A0BD0C21DBB41C00BC650B /* Entity.hpp */,
				D4A0BD1021DBB41C00BC650B /* Jump.hpp */,
				D4A0BD0D21DBB41C00BC650B /* PowerUp.hpp */,
				D4A0BD1121DBB41C00BC650B /* Slide.hpp */,
				D4A0BD0F21DBB41C00BC650B /* Turn.hpp */,
				D4A0BD0B21DBB41C00BC650B /* Wall.hpp */,
			);
			path = Entities;
			sourceTree = "<group>";
		};
		D4948B7721D641C40081C29E /* Events */ = {
			isa = PBXGroup;
			children = (
				D4948B7821D641C40081C29E /* EventObservers.hpp */,
				D4948B7921D641C40081C29E /* EventManager.hpp */,
			);
			path = Events;
			sourceTree = "<group>";
		};
		D4EA626121CB93A200CBFCAC /* assets */ = {
			isa = PBXGroup;
			children = (
				D46A4A2E21A0C5130096F02F /* textures */,
				D4EA626221CB93A200CBFCAC /* monkey1.obj */,
			);
			path = assets;
			sourceTree = "<group>";
		};
/* End PBXGroup section */

/* Begin PBXLegacyTarget section */
		D46A495E21A0C4270096F02F /* make */ = {
			isa = PBXLegacyTarget;
			buildArgumentsString = "-j 5 $(ACTION)";
			buildConfigurationList = D46A495F21A0C4270096F02F /* Build configuration list for PBXLegacyTarget "make" */;
			buildPhases = (
			);
			buildToolPath = /usr/bin/make;
			buildWorkingDirectory = "";
			dependencies = (
			);
			name = make;
			passBuildSettingsInEnvironment = 1;
			productName = make;
		};
/* End PBXLegacyTarget section */

/* Begin PBXNativeTarget section */
		D46A4A4121A0CBEC0096F02F /* xcode target */ = {
			isa = PBXNativeTarget;
			buildConfigurationList = D46A4A4621A0CBEC0096F02F /* Build configuration list for PBXNativeTarget "xcode target" */;
			buildPhases = (
				D46A4A3E21A0CBEC0096F02F /* Sources */,
				D46A4A3F21A0CBEC0096F02F /* Frameworks */,
				D46A4A4021A0CBEC0096F02F /* CopyFiles */,
			);
			buildRules = (
			);
			dependencies = (
				D46A4A8921A2D7A30096F02F /* PBXTargetDependency */,
			);
			name = "xcode target";
			productName = "xcode target";
			productReference = D46A4A4221A0CBEC0096F02F /* xcode target */;
			productType = "com.apple.product-type.tool";
		};
/* End PBXNativeTarget section */

/* Begin PBXProject section */
		D46A487D21A0C3F10096F02F /* Project object */ = {
			isa = PBXProject;
			attributes = {
				LastUpgradeCheck = 1010;
				ORGANIZATIONNAME = "Pierre Gabory";
				TargetAttributes = {
					D46A495E21A0C4270096F02F = {
						CreatedOnToolsVersion = 10.1;
					};
					D46A4A4121A0CBEC0096F02F = {
						CreatedOnToolsVersion = 10.1;
					};
				};
			};
			buildConfigurationList = D46A488021A0C3F10096F02F /* Build configuration list for PBXProject "Projet_S2_CG_CPP" */;
			compatibilityVersion = "Xcode 9.3";
			developmentRegion = en;
			hasScannedForEncodings = 0;
			knownRegions = (
				en,
			);
			mainGroup = D46A487C21A0C3F10096F02F;
			productRefGroup = D46A488621A0C3F10096F02F /* Products */;
			projectDirPath = "";
			projectRoot = "";
			targets = (
				D46A495E21A0C4270096F02F /* make */,
				D46A4A4121A0CBEC0096F02F /* xcode target */,
			);
		};
/* End PBXProject section */

/* Begin PBXSourcesBuildPhase section */
		D46A4A3E21A0CBEC0096F02F /* Sources */ = {
			isa = PBXSourcesBuildPhase;
			buildActionMask = 2147483647;
			files = (
				D4948B7A21D647020081C29E /* GameController.hpp in Sources */,
				D4948BC121D64B450081C29E /* GameController.cpp in Sources */,
				D4948BC821D64B450081C29E /* ImportedMesh.cpp in Sources */,
				D4948BD121D64B450081C29E /* CommonStructs.cpp in Sources */,
				D4948B7B21D647020081C29E /* Canvas.hpp in Sources */,
				D4948BCE21D64B450081C29E /* PerspectiveShaderProgram.cpp in Sources */,
				D4948BD421D64B450081C29E /* TurningChunk.cpp in Sources */,
				D4A0BD1D21DBB46B00BC650B /* Slide.cpp in Sources */,
				D4948BD521D64B450081C29E /* Chunk.cpp in Sources */,
				D4A0BD1F21DBB46B00BC650B /* Wall.cpp in Sources */,
				D4948B7C21D647020081C29E /* Animation.hpp in Sources */,
				D4A0BD1C21DBB46B00BC650B /* Jump.cpp in Sources */,
				D4948BCB21D64B450081C29E /* Texture.cpp in Sources */,
				D4948B7D21D647020081C29E /* GraphicsEngine.hpp in Sources */,
				D4948BCA21D64B450081C29E /* Object2D.cpp in Sources */,
				D4948BC321D64B450081C29E /* Exceptions.cpp in Sources */,
				D4948BC221D64B450081C29E /* main.cpp in Sources */,
				D4948BD821D64B450081C29E /* Terrain.cpp in Sources */,
				D4948B7E21D647020081C29E /* Frameworks.hpp in Sources */,
				D4A0BD1921DBB46B00BC650B /* Entity.cpp in Sources */,
				D4948B7F21D647020081C29E /* Material.hpp in Sources */,
				D4948BC621D64B450081C29E /* GraphicsEngine.cpp in Sources */,
				D4948BC921D64B450081C29E /* Object3D.cpp in Sources */,
				D4948BD921D64B450081C29E /* Game.cpp in Sources */,
				D4A0BD1A21DBB46B00BC650B /* PowerUp.cpp in Sources */,
				D4948BC721D64B450081C29E /* Mesh.cpp in Sources */,
				D4948B8021D647020081C29E /* ImageData.hpp in Sources */,
				D4948B8121D647020081C29E /* PerspectiveShaderProgram.hpp in Sources */,
				D4948B8221D647020081C29E /* ShaderProgram.hpp in Sources */,
				D4948BD321D64B450081C29E /* Player.cpp in Sources */,
				D4948BD221D64B450081C29E /* Button.cpp in Sources */,
				D4948BCD21D64B450081C29E /* Shader.cpp in Sources */,
				D4948B8321D647020081C29E /* Shader.hpp in Sources */,
				D4948BCF21D64B450081C29E /* ShaderProgram.cpp in Sources */,
				D4948BC421D64B450081C29E /* Camera.cpp in Sources */,
				D4948BC521D64B450081C29E /* Animation.cpp in Sources */,
				D4948B8421D647020081C29E /* Camera.hpp in Sources */,
				D4948B8521D647020081C29E /* Terrain.hpp in Sources */,
				D4948BD621D64B450081C29E /* Turn.cpp in Sources */,
				D4948BCC21D64B450081C29E /* ImageData.cpp in Sources */,
				D4948B8621D647020081C29E /* Game.hpp in Sources */,
				D4948BD021D64B450081C29E /* Material.cpp in Sources */,
				D4948BDA21D64B450081C29E /* EventManager.cpp in Sources */,
				D4948B8721D647020081C29E /* Player.hpp in Sources */,
				D4A0BD1B21DBB46B00BC650B /* Coin.cpp in Sources */,
				D4948B8821D647020081C29E /* EventManager.hpp in Sources */,
			);
			runOnlyForDeploymentPostprocessing = 0;
		};
/* End PBXSourcesBuildPhase section */

/* Begin PBXTargetDependency section */
		D46A4A8921A2D7A30096F02F /* PBXTargetDependency */ = {
			isa = PBXTargetDependency;
			target = D46A495E21A0C4270096F02F /* make */;
			targetProxy = D46A4A8821A2D7A30096F02F /* PBXContainerItemProxy */;
		};
/* End PBXTargetDependency section */

/* Begin XCBuildConfiguration section */
		D46A488A21A0C3F10096F02F /* Debug */ = {
			isa = XCBuildConfiguration;
			buildSettings = {
				ALWAYS_SEARCH_USER_PATHS = NO;
				CLANG_ANALYZER_NONNULL = YES;
				CLANG_ANALYZER_NUMBER_OBJECT_CONVERSION = YES_AGGRESSIVE;
				CLANG_CXX_LANGUAGE_STANDARD = "gnu++14";
				CLANG_CXX_LIBRARY = "libc++";
				CLANG_ENABLE_MODULES = YES;
				CLANG_ENABLE_OBJC_ARC = YES;
				CLANG_ENABLE_OBJC_WEAK = YES;
				CLANG_WARN_BLOCK_CAPTURE_AUTORELEASING = YES;
				CLANG_WARN_BOOL_CONVERSION = YES;
				CLANG_WARN_COMMA = YES;
				CLANG_WARN_CONSTANT_CONVERSION = YES;
				CLANG_WARN_DEPRECATED_OBJC_IMPLEMENTATIONS = YES;
				CLANG_WARN_DIRECT_OBJC_ISA_USAGE = YES_ERROR;
				CLANG_WARN_DOCUMENTATION_COMMENTS = YES;
				CLANG_WARN_EMPTY_BODY = YES;
				CLANG_WARN_ENUM_CONVERSION = YES;
				CLANG_WARN_INFINITE_RECURSION = YES;
				CLANG_WARN_INT_CONVERSION = YES;
				CLANG_WARN_NON_LITERAL_NULL_CONVERSION = YES;
				CLANG_WARN_OBJC_IMPLICIT_RETAIN_SELF = YES;
				CLANG_WARN_OBJC_LITERAL_CONVERSION = YES;
				CLANG_WARN_OBJC_ROOT_CLASS = YES_ERROR;
				CLANG_WARN_RANGE_LOOP_ANALYSIS = YES;
				CLANG_WARN_STRICT_PROTOTYPES = YES;
				CLANG_WARN_SUSPICIOUS_MOVE = YES;
				CLANG_WARN_UNGUARDED_AVAILABILITY = YES_AGGRESSIVE;
				CLANG_WARN_UNREACHABLE_CODE = YES;
				CLANG_WARN__DUPLICATE_METHOD_MATCH = YES;
				CODE_SIGN_IDENTITY = "-";
				COPY_PHASE_STRIP = NO;
				DEBUG_INFORMATION_FORMAT = dwarf;
				DSTROOT = "";
				ENABLE_STRICT_OBJC_MSGSEND = YES;
				ENABLE_TESTABILITY = YES;
				GCC_C_LANGUAGE_STANDARD = gnu11;
				GCC_DYNAMIC_NO_PIC = NO;
				GCC_NO_COMMON_BLOCKS = YES;
				GCC_OPTIMIZATION_LEVEL = 0;
				GCC_PREPROCESSOR_DEFINITIONS = (
					"DEBUG=1",
					"$(inherited)",
				);
				GCC_WARN_64_TO_32_BIT_CONVERSION = YES;
				GCC_WARN_ABOUT_RETURN_TYPE = YES_ERROR;
				GCC_WARN_UNDECLARED_SELECTOR = YES;
				GCC_WARN_UNINITIALIZED_AUTOS = YES_AGGRESSIVE;
				GCC_WARN_UNUSED_FUNCTION = YES;
				GCC_WARN_UNUSED_VARIABLE = YES;
				IPHONEOS_DEPLOYMENT_TARGET = 12.1;
				MACOSX_DEPLOYMENT_TARGET = 10.14;
				MTL_ENABLE_DEBUG_INFO = INCLUDE_SOURCE;
				MTL_FAST_MATH = YES;
				ONLY_ACTIVE_ARCH = YES;
				SDKROOT = macosx;
				SYMROOT = build;
			};
			name = Debug;
		};
		D46A488B21A0C3F10096F02F /* Release */ = {
			isa = XCBuildConfiguration;
			buildSettings = {
				ALWAYS_SEARCH_USER_PATHS = NO;
				CLANG_ANALYZER_NONNULL = YES;
				CLANG_ANALYZER_NUMBER_OBJECT_CONVERSION = YES_AGGRESSIVE;
				CLANG_CXX_LANGUAGE_STANDARD = "gnu++14";
				CLANG_CXX_LIBRARY = "libc++";
				CLANG_ENABLE_MODULES = YES;
				CLANG_ENABLE_OBJC_ARC = YES;
				CLANG_ENABLE_OBJC_WEAK = YES;
				CLANG_WARN_BLOCK_CAPTURE_AUTORELEASING = YES;
				CLANG_WARN_BOOL_CONVERSION = YES;
				CLANG_WARN_COMMA = YES;
				CLANG_WARN_CONSTANT_CONVERSION = YES;
				CLANG_WARN_DEPRECATED_OBJC_IMPLEMENTATIONS = YES;
				CLANG_WARN_DIRECT_OBJC_ISA_USAGE = YES_ERROR;
				CLANG_WARN_DOCUMENTATION_COMMENTS = YES;
				CLANG_WARN_EMPTY_BODY = YES;
				CLANG_WARN_ENUM_CONVERSION = YES;
				CLANG_WARN_INFINITE_RECURSION = YES;
				CLANG_WARN_INT_CONVERSION = YES;
				CLANG_WARN_NON_LITERAL_NULL_CONVERSION = YES;
				CLANG_WARN_OBJC_IMPLICIT_RETAIN_SELF = YES;
				CLANG_WARN_OBJC_LITERAL_CONVERSION = YES;
				CLANG_WARN_OBJC_ROOT_CLASS = YES_ERROR;
				CLANG_WARN_RANGE_LOOP_ANALYSIS = YES;
				CLANG_WARN_STRICT_PROTOTYPES = YES;
				CLANG_WARN_SUSPICIOUS_MOVE = YES;
				CLANG_WARN_UNGUARDED_AVAILABILITY = YES_AGGRESSIVE;
				CLANG_WARN_UNREACHABLE_CODE = YES;
				CLANG_WARN__DUPLICATE_METHOD_MATCH = YES;
				CODE_SIGN_IDENTITY = "-";
				COPY_PHASE_STRIP = NO;
				DEBUG_INFORMATION_FORMAT = "dwarf-with-dsym";
				DSTROOT = "";
				ENABLE_NS_ASSERTIONS = NO;
				ENABLE_STRICT_OBJC_MSGSEND = YES;
				GCC_C_LANGUAGE_STANDARD = gnu11;
				GCC_NO_COMMON_BLOCKS = YES;
				GCC_WARN_64_TO_32_BIT_CONVERSION = YES;
				GCC_WARN_ABOUT_RETURN_TYPE = YES_ERROR;
				GCC_WARN_UNDECLARED_SELECTOR = YES;
				GCC_WARN_UNINITIALIZED_AUTOS = YES_AGGRESSIVE;
				GCC_WARN_UNUSED_FUNCTION = YES;
				GCC_WARN_UNUSED_VARIABLE = YES;
				IPHONEOS_DEPLOYMENT_TARGET = 12.1;
				MACOSX_DEPLOYMENT_TARGET = 10.14;
				MTL_ENABLE_DEBUG_INFO = NO;
				MTL_FAST_MATH = YES;
				SDKROOT = macosx;
				SYMROOT = build;
			};
			name = Release;
		};
		D46A496021A0C4270096F02F /* Debug */ = {
			isa = XCBuildConfiguration;
			buildSettings = {
				CODE_SIGN_STYLE = Automatic;
				DEBUGGING_SYMBOLS = YES;
				DEBUG_INFORMATION_FORMAT = dwarf;
				GCC_GENERATE_DEBUGGING_SYMBOLS = YES;
				GCC_OPTIMIZATION_LEVEL = 0;
				OTHER_CFLAGS = "";
				OTHER_LDFLAGS = "";
				PRODUCT_NAME = "$(TARGET_NAME)";
			};
			name = Debug;
		};
		D46A496121A0C4270096F02F /* Release */ = {
			isa = XCBuildConfiguration;
			buildSettings = {
				CODE_SIGN_STYLE = Automatic;
				DEBUG_INFORMATION_FORMAT = "dwarf-with-dsym";
				OTHER_CFLAGS = "";
				OTHER_LDFLAGS = "";
				PRODUCT_NAME = "$(TARGET_NAME)";
			};
			name = Release;
		};
		D46A4A4721A0CBEC0096F02F /* Debug */ = {
			isa = XCBuildConfiguration;
			buildSettings = {
				CLANG_CXX_LANGUAGE_STANDARD = "gnu++0x";
				CLANG_CXX_LIBRARY = "compiler-default";
				CLANG_WARN_DOCUMENTATION_COMMENTS = NO;
				CODE_SIGN_STYLE = Automatic;
				FRAMEWORK_SEARCH_PATHS = (
					"$(inherited)",
					"$(LOCAL_LIBRARY_DIR)/Frameworks",
				);
				HEADER_SEARCH_PATHS = (
					"${SRCROOT}/lib",
					/usr/local/include,
				);
				LIBRARY_SEARCH_PATHS = (
					"$(inherited)",
					/usr/local/lib,
					/usr/local/Cellar/assimp/4.1.0/lib,
				);
				PRODUCT_NAME = "$(TARGET_NAME)";
				SYMROOT = build;
				USE_HEADERMAP = YES;
			};
			name = Debug;
		};
		D46A4A4821A0CBEC0096F02F /* Release */ = {
			isa = XCBuildConfiguration;
			buildSettings = {
				CLANG_CXX_LANGUAGE_STANDARD = "gnu++0x";
				CLANG_CXX_LIBRARY = "compiler-default";
				CLANG_WARN_DOCUMENTATION_COMMENTS = NO;
				CODE_SIGN_STYLE = Automatic;
				FRAMEWORK_SEARCH_PATHS = (
					"$(inherited)",
					"$(LOCAL_LIBRARY_DIR)/Frameworks",
				);
				HEADER_SEARCH_PATHS = (
					"${SRCROOT}/lib",
					/usr/local/include,
				);
				LIBRARY_SEARCH_PATHS = (
					"$(inherited)",
					/usr/local/lib,
					/usr/local/Cellar/assimp/4.1.0/lib,
				);
				PRODUCT_NAME = "$(TARGET_NAME)";
				SYMROOT = build;
				USE_HEADERMAP = YES;
			};
			name = Release;
		};
/* End XCBuildConfiguration section */

/* Begin XCConfigurationList section */
		D46A488021A0C3F10096F02F /* Build configuration list for PBXProject "Projet_S2_CG_CPP" */ = {
			isa = XCConfigurationList;
			buildConfigurations = (
				D46A488A21A0C3F10096F02F /* Debug */,
				D46A488B21A0C3F10096F02F /* Release */,
			);
			defaultConfigurationIsVisible = 0;
			defaultConfigurationName = Release;
		};
		D46A495F21A0C4270096F02F /* Build configuration list for PBXLegacyTarget "make" */ = {
			isa = XCConfigurationList;
			buildConfigurations = (
				D46A496021A0C4270096F02F /* Debug */,
				D46A496121A0C4270096F02F /* Release */,
			);
			defaultConfigurationIsVisible = 0;
			defaultConfigurationName = Release;
		};
		D46A4A4621A0CBEC0096F02F /* Build configuration list for PBXNativeTarget "xcode target" */ = {
			isa = XCConfigurationList;
			buildConfigurations = (
				D46A4A4721A0CBEC0096F02F /* Debug */,
				D46A4A4821A0CBEC0096F02F /* Release */,
			);
			defaultConfigurationIsVisible = 0;
			defaultConfigurationName = Release;
		};
/* End XCConfigurationList section */
	};
	rootObject = D46A487D21A0C3F10096F02F /* Project object */;
}
